<?xml version="1.0" encoding="utf-8"?>
<Project ToolsVersion="4.0" xmlns="http://schemas.microsoft.com/developer/msbuild/2003">
  <ItemGroup>
    <Filter Include="Source Files">
      <UniqueIdentifier>{4FC737F1-C7A5-4376-A066-2A32D752A2FF}</UniqueIdentifier>
      <Extensions>cpp;c;cc;cxx;def;odl;idl;hpj;bat;asm;asmx</Extensions>
    </Filter>
    <Filter Include="Header Files">
      <UniqueIdentifier>{93995380-89BD-4b04-88EB-625FBE52EBFB}</UniqueIdentifier>
      <Extensions>h;hpp;hxx;hm;inl;inc;xsd</Extensions>
    </Filter>
    <Filter Include="Config Files">
      <UniqueIdentifier>{d9a0ce7b-3d1d-4d60-a007-a78c5502e287}</UniqueIdentifier>
    </Filter>
    <Filter Include="Working Data">
      <UniqueIdentifier>{8bd93957-fb75-460c-af96-91784de89e4a}</UniqueIdentifier>
    </Filter>
  </ItemGroup>
  <ItemGroup>
    <ClCompile Include="imagenet.cpp">
      <Filter>Source Files</Filter>
    </ClCompile>
    <ClCompile Include="imagenet_toolset.cpp">
      <Filter>Source Files</Filter>
    </ClCompile>
  </ItemGroup>
  <ItemGroup>
    <ClInclude Include="imagenet_toolset.h">
      <Filter>Header Files</Filter>
    </ClInclude>
  </ItemGroup>
  <ItemGroup>
    <None Include="config.cfg">
      <Filter>Config Files</Filter>
    </None>
  </ItemGroup>
  <ItemGroup>
    <Text Include="working_data\schema.txt">
      <Filter>Working Data</Filter>
    </Text>
    <Text Include="working_data\schema_large.txt">
      <Filter>Working Data</Filter>
    </Text>
  </ItemGroup>
</Project>