<?xml version="1.0" encoding="utf-8"?>
<Project ToolsVersion="4.0" xmlns="http://schemas.microsoft.com/developer/msbuild/2003">
  <ItemGroup>
    <Filter Include="Source Files">
      <UniqueIdentifier>{4FC737F1-C7A5-4376-A066-2A32D752A2FF}</UniqueIdentifier>
      <Extensions>cpp;c;cc;cxx;def;odl;idl;hpj;bat;asm;asmx</Extensions>
    </Filter>
    <Filter Include="Header Files">
      <UniqueIdentifier>{93995380-89BD-4b04-88EB-625FBE52EBFB}</UniqueIdentifier>
      <Extensions>h;hpp;hxx;hm;inl;inc;xsd</Extensions>
    </Filter>
    <Filter Include="Header Files\util">
      <UniqueIdentifier>{f7f2c97b-2c5b-4b90-9a0a-f6b5ceca5341}</UniqueIdentifier>
    </Filter>
    <Filter Include="Source Files\util">
      <UniqueIdentifier>{fe25b186-4060-4cba-bc2e-366d1a40053d}</UniqueIdentifier>
    </Filter>
    <Filter Include="Header Files\result">
      <UniqueIdentifier>{108a7790-5405-4066-ab70-d6c39f61b1c8}</UniqueIdentifier>
    </Filter>
    <Filter Include="Source Files\result">
      <UniqueIdentifier>{1b0d58f7-b466-478c-bd4c-5627004ffd80}</UniqueIdentifier>
    </Filter>
    <Filter Include="Header Files\training_data">
      <UniqueIdentifier>{d547260a-08e1-4047-873d-f608841aaa6b}</UniqueIdentifier>
    </Filter>
    <Filter Include="Source Files\training_data">
      <UniqueIdentifier>{3e8c9ff4-e02d-469a-b5ae-c07a441e3272}</UniqueIdentifier>
    </Filter>
    <Filter Include="Header Files\layers">
      <UniqueIdentifier>{dc4c0fe8-1858-4b45-aaae-a4a9e12cd24a}</UniqueIdentifier>
    </Filter>
    <Filter Include="Source Files\layers">
      <UniqueIdentifier>{fabcab44-2164-422a-8832-33706d238068}</UniqueIdentifier>
    </Filter>
    <Filter Include="Header Files\network_data">
      <UniqueIdentifier>{a24f6a53-7fd9-4fb8-947e-783d8115f422}</UniqueIdentifier>
    </Filter>
    <Filter Include="Source Files\network_data">
      <UniqueIdentifier>{98f4260d-c9d4-4fa5-a75c-e0833d6cfc1a}</UniqueIdentifier>
    </Filter>
    <Filter Include="Header Files\network_schema">
      <UniqueIdentifier>{b1c642cf-ee8c-4bde-a44d-85bbcbb5f058}</UniqueIdentifier>
    </Filter>
    <Filter Include="Source Files\network_schema">
      <UniqueIdentifier>{7c90a5cf-d21d-4c53-8a7b-11b2a08c0d1f}</UniqueIdentifier>
    </Filter>
    <Filter Include="Header Files\training">
      <UniqueIdentifier>{9b96bf50-d878-479f-9356-b539c00211f1}</UniqueIdentifier>
    </Filter>
    <Filter Include="Header Files\training\pushers">
      <UniqueIdentifier>{3aaa184e-357e-4349-a17c-2d641cb7e997}</UniqueIdentifier>
    </Filter>
    <Filter Include="Source Files\training">
      <UniqueIdentifier>{4bc379b0-1beb-4b8e-ac9f-a6a34ee5cc29}</UniqueIdentifier>
    </Filter>
    <Filter Include="Header Files\training\result">
      <UniqueIdentifier>{2ea7d053-7871-4d97-9084-4a5cd6129096}</UniqueIdentifier>
    </Filter>
    <Filter Include="Source Files\training\result">
      <UniqueIdentifier>{80aff21c-201c-4f53-9ad9-674ddcfa8884}</UniqueIdentifier>
    </Filter>
    <Filter Include="Source Files\training\pushers">
      <UniqueIdentifier>{d8f9e2c9-8087-44b9-b95f-5aa66c1f3276}</UniqueIdentifier>
    </Filter>
    <Filter Include="Source Files\training\peekers">
      <UniqueIdentifier>{a3de6945-23f7-4d9a-8afe-a7c6969b9a4c}</UniqueIdentifier>
    </Filter>
    <Filter Include="Header Files\training\trainer">
      <UniqueIdentifier>{c41fe92d-1f0d-438b-8c7d-2a8eef2acd98}</UniqueIdentifier>
    </Filter>
    <Filter Include="Source Files\training\trainer">
      <UniqueIdentifier>{433b39ad-5f34-4eb1-9f6e-dbd11b7a5d90}</UniqueIdentifier>
    </Filter>
    <Filter Include="Header Files\toolset">
      <UniqueIdentifier>{bc27c2d5-5d17-4139-823f-7b5eb8d1529c}</UniqueIdentifier>
    </Filter>
    <Filter Include="Source Files\toolset">
      <UniqueIdentifier>{10275322-84d6-4be9-9d7d-db3b979500a7}</UniqueIdentifier>
    </Filter>
    <Filter Include="Header Files\visualize">
      <UniqueIdentifier>{78ddf8f7-cbba-4c82-91f5-883fc2ba2fa4}</UniqueIdentifier>
    </Filter>
    <Filter Include="Header Files\training\peekers">
      <UniqueIdentifier>{3e81ccec-1e0a-436b-bd4b-bc6fe422ec11}</UniqueIdentifier>
    </Filter>
    <Filter Include="Header Files\data_transformers">
      <UniqueIdentifier>{5ec09ddf-917c-40c1-94be-a95bb16ec3b9}</UniqueIdentifier>
    </Filter>
    <Filter Include="Source Files\data_transformers">
      <UniqueIdentifier>{c0e5e03a-e459-485a-9f40-204d438403bf}</UniqueIdentifier>
    </Filter>
    <Filter Include="Proto Files">
      <UniqueIdentifier>{04441ca2-091a-4182-b23d-05f99b276a4a}</UniqueIdentifier>
    </Filter>
    <Filter Include="Header Files\forward_propagation">
      <UniqueIdentifier>{0823767e-6ce3-4f8a-957d-323edc162704}</UniqueIdentifier>
    </Filter>
    <Filter Include="Source Files\forward_propagation">
      <UniqueIdentifier>{3a7d9f59-8c25-41d9-a4d9-42eb006c6bb4}</UniqueIdentifier>
    </Filter>
    <Filter Include="Header Files\backward_propagation">
      <UniqueIdentifier>{63782343-24e2-458d-89bb-8116883bf58d}</UniqueIdentifier>
    </Filter>
    <Filter Include="Source Files\backward_propagation">
      <UniqueIdentifier>{8fd21c82-f5a5-496b-b9ff-99ba21b7232e}</UniqueIdentifier>
    </Filter>
    <Filter Include="Source Files\visualize">
      <UniqueIdentifier>{b746f866-9151-4d0a-abb5-5e38c9c02b36}</UniqueIdentifier>
    </Filter>
    <Filter Include="Header Files\training\learning_rate_decay_policies">
      <UniqueIdentifier>{e39f787a-c890-4e11-9c3a-0a09ea9bf00b}</UniqueIdentifier>
    </Filter>
    <Filter Include="Source Files\training\learning_rate_decay_policies">
      <UniqueIdentifier>{39f3ed2e-49ec-4425-9c44-9583c9321aed}</UniqueIdentifier>
    </Filter>
  </ItemGroup>
  <ItemGroup>
    <ClInclude Include="rnd.h">
      <Filter>Header Files\util</Filter>
    </ClInclude>
    <ClInclude Include="neural_network_exception.h">
      <Filter>Header Files\util</Filter>
    </ClInclude>
    <ClInclude Include="layer_configuration_specific.h">
      <Filter>Header Files\network_schema</Filter>
    </ClInclude>
    <ClInclude Include="layer_configuration_specific_snapshot.h">
      <Filter>Header Files\network_schema</Filter>
    </ClInclude>
    <ClInclude Include="layer.h">
      <Filter>Header Files\network_schema</Filter>
    </ClInclude>
    <ClInclude Include="layer_factory.h">
      <Filter>Header Files\network_schema</Filter>
    </ClInclude>
    <ClInclude Include="layer_data.h">
      <Filter>Header Files\network_data</Filter>
    </ClInclude>
    <ClInclude Include="network_data.h">
      <Filter>Header Files\network_data</Filter>
    </ClInclude>
    <ClInclude Include="absolute_layer.h">
      <Filter>Header Files\layers</Filter>
    </ClInclude>
    <ClInclude Include="average_subsampling_layer.h">
      <Filter>Header Files\layers</Filter>
    </ClInclude>
    <ClInclude Include="convolution_layer.h">
      <Filter>Header Files\layers</Filter>
    </ClInclude>
    <ClInclude Include="hyperbolic_tangent_layer.h">
      <Filter>Header Files\layers</Filter>
    </ClInclude>
    <ClInclude Include="local_contrast_subtractive_layer.h">
      <Filter>Header Files\layers</Filter>
    </ClInclude>
    <ClInclude Include="max_subsampling_layer.h">
      <Filter>Header Files\layers</Filter>
    </ClInclude>
    <ClInclude Include="rgb_to_yuv_convert_layer.h">
      <Filter>Header Files\layers</Filter>
    </ClInclude>
    <ClInclude Include="network_schema.h">
      <Filter>Header Files\network_schema</Filter>
    </ClInclude>
    <ClInclude Include="nnforge.h">
      <Filter>Header Files\util</Filter>
    </ClInclude>
    <ClInclude Include="complex_network_data_pusher.h">
      <Filter>Header Files\training\pushers</Filter>
    </ClInclude>
    <ClInclude Include="network_data_pusher.h">
      <Filter>Header Files\training\pushers</Filter>
    </ClInclude>
    <ClInclude Include="report_progress_network_data_pusher.h">
      <Filter>Header Files\training\pushers</Filter>
    </ClInclude>
    <ClInclude Include="summarize_network_data_pusher.h">
      <Filter>Header Files\training\pushers</Filter>
    </ClInclude>
    <ClInclude Include="validate_progress_network_data_pusher.h">
      <Filter>Header Files\training\pushers</Filter>
    </ClInclude>
    <ClInclude Include="training_task_state.h">
      <Filter>Header Files\training\result</Filter>
    </ClInclude>
    <ClInclude Include="network_trainer.h">
      <Filter>Header Files\training\trainer</Filter>
    </ClInclude>
    <ClInclude Include="config_options.h">
      <Filter>Header Files\toolset</Filter>
    </ClInclude>
    <ClInclude Include="factory_generator.h">
      <Filter>Header Files\toolset</Filter>
    </ClInclude>
    <ClInclude Include="neural_network_toolset.h">
      <Filter>Header Files\toolset</Filter>
    </ClInclude>
    <ClInclude Include="supervised_data_stream_schema.h">
      <Filter>Header Files\training_data</Filter>
    </ClInclude>
    <ClInclude Include="neuron_data_type.h">
      <Filter>Header Files\training_data</Filter>
    </ClInclude>
    <ClInclude Include="network_output_type.h">
      <Filter>Header Files\toolset</Filter>
    </ClInclude>
    <ClInclude Include="layer_data_configuration.h">
      <Filter>Header Files\network_schema</Filter>
    </ClInclude>
    <ClInclude Include="rectified_linear_layer.h">
      <Filter>Header Files\layers</Filter>
    </ClInclude>
    <ClInclude Include="softmax_layer.h">
      <Filter>Header Files\layers</Filter>
    </ClInclude>
    <ClInclude Include="data_transformer.h">
      <Filter>Header Files\data_transformers</Filter>
    </ClInclude>
    <ClInclude Include="data_transformer_util.h">
      <Filter>Header Files\data_transformers</Filter>
    </ClInclude>
    <ClInclude Include="distort_2d_data_transformer.h">
      <Filter>Header Files\data_transformers</Filter>
    </ClInclude>
    <ClInclude Include="noise_data_transformer.h">
      <Filter>Header Files\data_transformers</Filter>
    </ClInclude>
    <ClInclude Include="feature_map_data_stat.h">
      <Filter>Header Files\training_data</Filter>
    </ClInclude>
    <ClInclude Include="normalize_data_transformer.h">
      <Filter>Header Files\data_transformers</Filter>
    </ClInclude>
    <ClInclude Include="maxout_layer.h">
      <Filter>Header Files\layers</Filter>
    </ClInclude>
    <ClInclude Include="intensity_2d_data_transformer.h">
      <Filter>Header Files\data_transformers</Filter>
    </ClInclude>
    <ClInclude Include="distort_2d_data_sampler_transformer.h">
      <Filter>Header Files\data_transformers</Filter>
    </ClInclude>
    <ClInclude Include="nn_types.h">
      <Filter>Header Files\util</Filter>
    </ClInclude>
    <ClInclude Include="varying_data_stream_writer.h">
      <Filter>Header Files\training_data</Filter>
    </ClInclude>
    <ClInclude Include="varying_data_stream_schema.h">
      <Filter>Header Files\training_data</Filter>
    </ClInclude>
    <ClInclude Include="network_trainer_sgd.h">
      <Filter>Header Files\training\trainer</Filter>
    </ClInclude>
    <ClInclude Include="stream_duplicator.h">
      <Filter>Header Files\toolset</Filter>
    </ClInclude>
    <ClInclude Include="sigmoid_layer.h">
      <Filter>Header Files\layers</Filter>
    </ClInclude>
    <ClInclude Include="debug_util.h">
      <Filter>Header Files\util</Filter>
    </ClInclude>
    <ClInclude Include="network_data_initializer.h">
      <Filter>Header Files\network_data</Filter>
    </ClInclude>
    <ClInclude Include="rotate_band_data_transformer.h">
      <Filter>Header Files\data_transformers</Filter>
    </ClInclude>
    <ClInclude Include="extract_data_transformer.h">
      <Filter>Header Files\data_transformers</Filter>
    </ClInclude>
    <ClInclude Include="sparse_convolution_layer.h">
      <Filter>Header Files\layers</Filter>
    </ClInclude>
    <ClInclude Include="layer_data_custom.h">
      <Filter>Header Files\network_data</Filter>
    </ClInclude>
    <ClInclude Include="layer_data_list.h">
      <Filter>Header Files\network_data</Filter>
    </ClInclude>
    <ClInclude Include="network_data_peeker.h">
      <Filter>Header Files\training\peekers</Filter>
    </ClInclude>
    <ClInclude Include="network_data_peeker_random.h">
      <Filter>Header Files\training\peekers</Filter>
    </ClInclude>
    <ClInclude Include="network_data_peeker_single.h">
      <Filter>Header Files\training\peekers</Filter>
    </ClInclude>
    <ClInclude Include="convert_to_polar_data_transformer.h">
      <Filter>Header Files\data_transformers</Filter>
    </ClInclude>
    <ClInclude Include="dropout_layer.h">
      <Filter>Header Files\layers</Filter>
    </ClInclude>
    <ClInclude Include="parametric_rectified_linear_layer.h">
      <Filter>Header Files\layers</Filter>
    </ClInclude>
    <ClInclude Include="reshape_data_transformer.h">
      <Filter>Header Files\data_transformers</Filter>
    </ClInclude>
    <ClInclude Include="elastic_deformation_2d_data_transformer.h">
      <Filter>Header Files\data_transformers</Filter>
    </ClInclude>
    <ClInclude Include="proto\nnforge.pb.h">
      <Filter>Proto Files</Filter>
    </ClInclude>
    <ClInclude Include="proto\data_normalizer.pb.h">
      <Filter>Proto Files</Filter>
    </ClInclude>
    <ClInclude Include="training_momentum.h">
      <Filter>Header Files\training\trainer</Filter>
    </ClInclude>
    <ClInclude Include="raw_data_reader.h">
      <Filter>Header Files\training_data</Filter>
    </ClInclude>
    <ClInclude Include="varying_data_stream_reader.h">
      <Filter>Header Files\training_data</Filter>
    </ClInclude>
    <ClInclude Include="uniform_intensity_data_transformer.h">
      <Filter>Header Files\data_transformers</Filter>
    </ClInclude>
    <ClInclude Include="embed_data_transformer.h">
      <Filter>Header Files\data_transformers</Filter>
    </ClInclude>
    <ClInclude Include="layer_data_custom_list.h">
      <Filter>Header Files\network_data</Filter>
    </ClInclude>
    <ClInclude Include="tiling_factor.h">
      <Filter>Header Files\util</Filter>
    </ClInclude>
    <ClInclude Include="untile_layer.h">
      <Filter>Header Files\layers</Filter>
    </ClInclude>
    <ClInclude Include="data_layer.h">
      <Filter>Header Files\layers</Filter>
    </ClInclude>
    <ClInclude Include="forward_propagation.h">
      <Filter>Header Files\forward_propagation</Filter>
    </ClInclude>
    <ClInclude Include="forward_propagation_factory.h">
      <Filter>Header Files\forward_propagation</Filter>
    </ClInclude>
    <ClInclude Include="structured_data_reader.h">
      <Filter>Header Files\training_data</Filter>
    </ClInclude>
    <ClInclude Include="structured_data_bunch_reader.h">
      <Filter>Header Files\training_data</Filter>
    </ClInclude>
    <ClInclude Include="neuron_value_set.h">
      <Filter>Header Files\result</Filter>
    </ClInclude>
    <ClInclude Include="structured_data_bunch_writer.h">
      <Filter>Header Files\training_data</Filter>
    </ClInclude>
    <ClInclude Include="threadpool_job_runner.h">
      <Filter>Header Files\util</Filter>
    </ClInclude>
    <ClInclude Include="toolset.h">
      <Filter>Header Files\toolset</Filter>
    </ClInclude>
    <ClInclude Include="neuron_value_set_data_bunch_writer.h">
      <Filter>Header Files\training_data</Filter>
    </ClInclude>
    <ClInclude Include="accuracy_layer.h">
      <Filter>Header Files\layers</Filter>
    </ClInclude>
    <ClInclude Include="debug_state.h">
      <Filter>Header Files\util</Filter>
    </ClInclude>
    <ClInclude Include="backward_propagation.h">
      <Filter>Header Files\backward_propagation</Filter>
    </ClInclude>
    <ClInclude Include="backward_propagation_factory.h">
      <Filter>Header Files\backward_propagation</Filter>
    </ClInclude>
    <ClInclude Include="network_action_schema.h">
      <Filter>Header Files\network_schema</Filter>
    </ClInclude>
    <ClInclude Include="layer_action.h">
      <Filter>Header Files\network_schema</Filter>
    </ClInclude>
    <ClInclude Include="layer_name_with_action.h">
      <Filter>Header Files\network_schema</Filter>
    </ClInclude>
    <ClInclude Include="buffer_lifetime.h">
      <Filter>Header Files\network_schema</Filter>
    </ClInclude>
    <ClInclude Include="color_palette.h">
      <Filter>Header Files\util</Filter>
    </ClInclude>
    <ClInclude Include="structured_data_stream_reader.h">
      <Filter>Header Files\training_data</Filter>
    </ClInclude>
    <ClInclude Include="structured_data_stream_schema.h">
      <Filter>Header Files\training_data</Filter>
    </ClInclude>
    <ClInclude Include="structured_data_stream_writer.h">
      <Filter>Header Files\training_data</Filter>
    </ClInclude>
    <ClInclude Include="structured_data_bunch_stream_reader.h">
      <Filter>Header Files\training_data</Filter>
    </ClInclude>
    <ClInclude Include="save_snapshot_network_data_pusher.h">
      <Filter>Header Files\training\pushers</Filter>
    </ClInclude>
    <ClInclude Include="raw_data_writer.h">
      <Filter>Header Files\training_data</Filter>
    </ClInclude>
    <ClInclude Include="structured_data_writer.h">
      <Filter>Header Files\training_data</Filter>
    </ClInclude>
    <ClInclude Include="data_visualizer.h">
      <Filter>Header Files\visualize</Filter>
    </ClInclude>
    <ClInclude Include="transformed_structured_data_reader.h">
      <Filter>Header Files\training_data</Filter>
    </ClInclude>
    <ClInclude Include="structured_from_raw_data_reader.h">
      <Filter>Header Files\training_data</Filter>
    </ClInclude>
    <ClInclude Include="raw_to_structured_data_transformer.h">
      <Filter>Header Files\training_data</Filter>
    </ClInclude>
    <ClInclude Include="negative_log_likelihood_layer.h">
      <Filter>Header Files\layers</Filter>
    </ClInclude>
    <ClInclude Include="cross_entropy_layer.h">
      <Filter>Header Files\layers</Filter>
    </ClInclude>
    <ClInclude Include="stream_redirector.h">
      <Filter>Header Files\toolset</Filter>
    </ClInclude>
    <ClInclude Include="min_weight_sequential_vertex_coloring.h">
      <Filter>Header Files\network_schema</Filter>
    </ClInclude>
    <ClInclude Include="structured_data_constant_reader.h">
      <Filter>Header Files\training_data</Filter>
    </ClInclude>
    <ClInclude Include="structured_data_bunch_mix_reader.h">
      <Filter>Header Files\training_data</Filter>
    </ClInclude>
    <ClInclude Include="gradient_modifier_layer.h">
      <Filter>Header Files\layers</Filter>
    </ClInclude>
    <ClInclude Include="concat_layer.h">
      <Filter>Header Files\layers</Filter>
    </ClInclude>
    <ClInclude Include="reshape_layer.h">
      <Filter>Header Files\layers</Filter>
    </ClInclude>
    <ClInclude Include="lerror_layer.h">
      <Filter>Header Files\layers</Filter>
    </ClInclude>
    <ClInclude Include="cdf_max_layer.h">
      <Filter>Header Files\layers</Filter>
    </ClInclude>
    <ClInclude Include="prefix_sum_layer.h">
      <Filter>Header Files\layers</Filter>
    </ClInclude>
    <ClInclude Include="upsampling_layer.h">
      <Filter>Header Files\layers</Filter>
    </ClInclude>
    <ClInclude Include="add_layer.h">
      <Filter>Header Files\layers</Filter>
    </ClInclude>
    <ClInclude Include="cdf_to_pdf_layer.h">
      <Filter>Header Files\layers</Filter>
    </ClInclude>
    <ClInclude Include="entry_convolution_layer.h">
      <Filter>Header Files\layers</Filter>
    </ClInclude>
    <ClInclude Include="batch_norm_layer.h">
      <Filter>Header Files\layers</Filter>
    </ClInclude>
    <ClInclude Include="neuron_value_set_data_bunch_reader.h">
      <Filter>Header Files\training_data</Filter>
    </ClInclude>
    <ClInclude Include="profile_state.h">
      <Filter>Header Files\util</Filter>
    </ClInclude>
    <ClInclude Include="profile_util.h">
      <Filter>Header Files\util</Filter>
    </ClInclude>
    <ClInclude Include="learning_rate_decay_policy.h">
      <Filter>Header Files\training\trainer</Filter>
    </ClInclude>
    <ClInclude Include="exponential_learning_rate_decay_policy.h">
      <Filter>Header Files\training\learning_rate_decay_policies</Filter>
    </ClInclude>
    <ClInclude Include="step_learning_rate_decay_policy.h">
      <Filter>Header Files\training\learning_rate_decay_policies</Filter>
    </ClInclude>
    <ClInclude Include="stat_data_bunch_writer.h">
      <Filter>Header Files\training_data</Filter>
    </ClInclude>
    <ClInclude Include="training_data_util.h">
      <Filter>Header Files\training_data</Filter>
    </ClInclude>
    <ClInclude Include="affine_grid_generator_layer.h">
      <Filter>Header Files\layers</Filter>
    </ClInclude>
    <ClInclude Include="linear_sampler_layer.h">
      <Filter>Header Files\layers</Filter>
    </ClInclude>
  </ItemGroup>
  <ItemGroup>
    <ClCompile Include="rnd.cpp">
      <Filter>Source Files\util</Filter>
    </ClCompile>
    <ClCompile Include="neural_network_exception.cpp">
      <Filter>Source Files\util</Filter>
    </ClCompile>
    <ClCompile Include="layer_configuration_specific_snapshot.cpp">
      <Filter>Source Files\network_schema</Filter>
    </ClCompile>
    <ClCompile Include="layer_configuration_specific.cpp">
      <Filter>Source Files\network_schema</Filter>
    </ClCompile>
    <ClCompile Include="layer.cpp">
      <Filter>Source Files\network_schema</Filter>
    </ClCompile>
    <ClCompile Include="layer_factory.cpp">
      <Filter>Source Files\network_schema</Filter>
    </ClCompile>
    <ClCompile Include="layer_data.cpp">
      <Filter>Source Files\network_data</Filter>
    </ClCompile>
    <ClCompile Include="network_data.cpp">
      <Filter>Source Files\network_data</Filter>
    </ClCompile>
    <ClCompile Include="absolute_layer.cpp">
      <Filter>Source Files\layers</Filter>
    </ClCompile>
    <ClCompile Include="average_subsampling_layer.cpp">
      <Filter>Source Files\layers</Filter>
    </ClCompile>
    <ClCompile Include="convolution_layer.cpp">
      <Filter>Source Files\layers</Filter>
    </ClCompile>
    <ClCompile Include="hyperbolic_tangent_layer.cpp">
      <Filter>Source Files\layers</Filter>
    </ClCompile>
    <ClCompile Include="local_contrast_subtractive_layer.cpp">
      <Filter>Source Files\layers</Filter>
    </ClCompile>
    <ClCompile Include="max_subsampling_layer.cpp">
      <Filter>Source Files\layers</Filter>
    </ClCompile>
    <ClCompile Include="rgb_to_yuv_convert_layer.cpp">
      <Filter>Source Files\layers</Filter>
    </ClCompile>
    <ClCompile Include="network_schema.cpp">
      <Filter>Source Files\network_schema</Filter>
    </ClCompile>
    <ClCompile Include="nnforge.cpp">
      <Filter>Source Files\util</Filter>
    </ClCompile>
    <ClCompile Include="complex_network_data_pusher.cpp">
      <Filter>Source Files\training\pushers</Filter>
    </ClCompile>
    <ClCompile Include="network_data_pusher.cpp">
      <Filter>Source Files\training\pushers</Filter>
    </ClCompile>
    <ClCompile Include="report_progress_network_data_pusher.cpp">
      <Filter>Source Files\training\pushers</Filter>
    </ClCompile>
    <ClCompile Include="summarize_network_data_pusher.cpp">
      <Filter>Source Files\training\pushers</Filter>
    </ClCompile>
    <ClCompile Include="validate_progress_network_data_pusher.cpp">
      <Filter>Source Files\training\pushers</Filter>
    </ClCompile>
    <ClCompile Include="training_task_state.cpp">
      <Filter>Source Files\training\result</Filter>
    </ClCompile>
    <ClCompile Include="network_data_peeker.cpp">
      <Filter>Source Files\training\peekers</Filter>
    </ClCompile>
    <ClCompile Include="network_data_peeker_random.cpp">
      <Filter>Source Files\training\peekers</Filter>
    </ClCompile>
    <ClCompile Include="network_data_peeker_single.cpp">
      <Filter>Source Files\training\peekers</Filter>
    </ClCompile>
    <ClCompile Include="network_trainer.cpp">
      <Filter>Source Files\training\trainer</Filter>
    </ClCompile>
    <ClCompile Include="factory_generator.cpp">
      <Filter>Source Files\toolset</Filter>
    </ClCompile>
    <ClCompile Include="neural_network_toolset.cpp">
      <Filter>Source Files\toolset</Filter>
    </ClCompile>
    <ClCompile Include="supervised_data_stream_schema.cpp">
      <Filter>Source Files\training_data</Filter>
    </ClCompile>
    <ClCompile Include="neuron_data_type.cpp">
      <Filter>Source Files\training_data</Filter>
    </ClCompile>
    <ClCompile Include="layer_data_configuration.cpp">
      <Filter>Source Files\network_schema</Filter>
    </ClCompile>
    <ClCompile Include="rectified_linear_layer.cpp">
      <Filter>Source Files\layers</Filter>
    </ClCompile>
    <ClCompile Include="softmax_layer.cpp">
      <Filter>Source Files\layers</Filter>
    </ClCompile>
    <ClCompile Include="data_transformer.cpp">
      <Filter>Source Files\data_transformers</Filter>
    </ClCompile>
    <ClCompile Include="data_transformer_util.cpp">
      <Filter>Source Files\data_transformers</Filter>
    </ClCompile>
    <ClCompile Include="distort_2d_data_transformer.cpp">
      <Filter>Source Files\data_transformers</Filter>
    </ClCompile>
    <ClCompile Include="noise_data_transformer.cpp">
      <Filter>Source Files\data_transformers</Filter>
    </ClCompile>
    <ClCompile Include="feature_map_data_stat.cpp">
      <Filter>Source Files\training_data</Filter>
    </ClCompile>
    <ClCompile Include="normalize_data_transformer.cpp">
      <Filter>Source Files\data_transformers</Filter>
    </ClCompile>
    <ClCompile Include="maxout_layer.cpp">
      <Filter>Source Files\layers</Filter>
    </ClCompile>
    <ClCompile Include="intensity_2d_data_transformer.cpp">
      <Filter>Source Files\data_transformers</Filter>
    </ClCompile>
    <ClCompile Include="distort_2d_data_sampler_transformer.cpp">
      <Filter>Source Files\data_transformers</Filter>
    </ClCompile>
    <ClCompile Include="varying_data_stream_writer.cpp">
      <Filter>Source Files\training_data</Filter>
    </ClCompile>
    <ClCompile Include="varying_data_stream_schema.cpp">
      <Filter>Source Files\training_data</Filter>
    </ClCompile>
    <ClCompile Include="network_trainer_sgd.cpp">
      <Filter>Source Files\training\trainer</Filter>
    </ClCompile>
    <ClCompile Include="stream_duplicator.cpp">
      <Filter>Source Files\toolset</Filter>
    </ClCompile>
    <ClCompile Include="sigmoid_layer.cpp">
      <Filter>Source Files\layers</Filter>
    </ClCompile>
    <ClCompile Include="debug_util.cpp">
      <Filter>Source Files\util</Filter>
    </ClCompile>
    <ClCompile Include="network_data_initializer.cpp">
      <Filter>Source Files\network_data</Filter>
    </ClCompile>
    <ClCompile Include="rotate_band_data_transformer.cpp">
      <Filter>Source Files\data_transformers</Filter>
    </ClCompile>
    <ClCompile Include="extract_data_transformer.cpp">
      <Filter>Source Files\data_transformers</Filter>
    </ClCompile>
    <ClCompile Include="layer_data_custom.cpp">
      <Filter>Source Files\network_data</Filter>
    </ClCompile>
    <ClCompile Include="layer_data_list.cpp">
      <Filter>Source Files\network_data</Filter>
    </ClCompile>
    <ClCompile Include="sparse_convolution_layer.cpp">
      <Filter>Source Files\layers</Filter>
    </ClCompile>
    <ClCompile Include="convert_to_polar_data_transformer.cpp">
      <Filter>Source Files\data_transformers</Filter>
    </ClCompile>
    <ClCompile Include="dropout_layer.cpp">
      <Filter>Source Files\layers</Filter>
    </ClCompile>
    <ClCompile Include="parametric_rectified_linear_layer.cpp">
      <Filter>Source Files\layers</Filter>
    </ClCompile>
    <ClCompile Include="reshape_data_transformer.cpp">
      <Filter>Source Files\data_transformers</Filter>
    </ClCompile>
    <ClCompile Include="elastic_deformation_2d_data_transformer.cpp">
      <Filter>Source Files\data_transformers</Filter>
    </ClCompile>
    <ClCompile Include="proto\nnforge.pb.cc">
      <Filter>Proto Files</Filter>
    </ClCompile>
    <ClCompile Include="proto\data_normalizer.pb.cc">
      <Filter>Proto Files</Filter>
    </ClCompile>
    <ClCompile Include="training_momentum.cpp">
      <Filter>Source Files\training\trainer</Filter>
    </ClCompile>
    <ClCompile Include="raw_data_reader.cpp">
      <Filter>Source Files\training_data</Filter>
    </ClCompile>
    <ClCompile Include="varying_data_stream_reader.cpp">
      <Filter>Source Files\training_data</Filter>
    </ClCompile>
    <ClCompile Include="uniform_intensity_data_transformer.cpp">
      <Filter>Source Files\data_transformers</Filter>
    </ClCompile>
    <ClCompile Include="embed_data_transformer.cpp">
      <Filter>Source Files\data_transformers</Filter>
    </ClCompile>
    <ClCompile Include="layer_data_custom_list.cpp">
      <Filter>Source Files\network_data</Filter>
    </ClCompile>
    <ClCompile Include="tiling_factor.cpp">
      <Filter>Source Files\util</Filter>
    </ClCompile>
    <ClCompile Include="untile_layer.cpp">
      <Filter>Source Files\layers</Filter>
    </ClCompile>
    <ClCompile Include="data_layer.cpp">
      <Filter>Source Files\layers</Filter>
    </ClCompile>
    <ClCompile Include="forward_propagation.cpp">
      <Filter>Source Files\forward_propagation</Filter>
    </ClCompile>
    <ClCompile Include="forward_propagation_factory.cpp">
      <Filter>Source Files\forward_propagation</Filter>
    </ClCompile>
    <ClCompile Include="structured_data_reader.cpp">
      <Filter>Source Files\training_data</Filter>
    </ClCompile>
    <ClCompile Include="structured_data_bunch_reader.cpp">
      <Filter>Source Files\training_data</Filter>
    </ClCompile>
    <ClCompile Include="neuron_value_set.cpp">
      <Filter>Source Files\result</Filter>
    </ClCompile>
    <ClCompile Include="structured_data_bunch_writer.cpp">
      <Filter>Source Files\training_data</Filter>
    </ClCompile>
    <ClCompile Include="threadpool_job_runner.cpp">
      <Filter>Source Files\util</Filter>
    </ClCompile>
    <ClCompile Include="toolset.cpp">
      <Filter>Source Files\toolset</Filter>
    </ClCompile>
    <ClCompile Include="neuron_value_set_data_bunch_writer.cpp">
      <Filter>Source Files\training_data</Filter>
    </ClCompile>
    <ClCompile Include="accuracy_layer.cpp">
      <Filter>Source Files\layers</Filter>
    </ClCompile>
    <ClCompile Include="debug_state.cpp">
      <Filter>Source Files\util</Filter>
    </ClCompile>
    <ClCompile Include="backward_propagation.cpp">
      <Filter>Source Files\backward_propagation</Filter>
    </ClCompile>
    <ClCompile Include="backward_propagation_factory.cpp">
      <Filter>Source Files\backward_propagation</Filter>
    </ClCompile>
    <ClCompile Include="network_action_schema.cpp">
      <Filter>Source Files\network_schema</Filter>
    </ClCompile>
    <ClCompile Include="color_palette.cpp">
      <Filter>Source Files\util</Filter>
    </ClCompile>
    <ClCompile Include="structured_data_stream_schema.cpp">
      <Filter>Source Files\training_data</Filter>
    </ClCompile>
    <ClCompile Include="structured_data_stream_reader.cpp">
      <Filter>Source Files\training_data</Filter>
    </ClCompile>
    <ClCompile Include="structured_data_stream_writer.cpp">
      <Filter>Source Files\training_data</Filter>
    </ClCompile>
    <ClCompile Include="structured_data_bunch_stream_reader.cpp">
      <Filter>Source Files\training_data</Filter>
    </ClCompile>
    <ClCompile Include="save_snapshot_network_data_pusher.cpp">
      <Filter>Source Files\training\pushers</Filter>
    </ClCompile>
    <ClCompile Include="raw_data_writer.cpp">
      <Filter>Source Files\training_data</Filter>
    </ClCompile>
    <ClCompile Include="structured_data_writer.cpp">
      <Filter>Source Files\training_data</Filter>
    </ClCompile>
    <ClCompile Include="data_visualizer.cpp">
      <Filter>Source Files\visualize</Filter>
    </ClCompile>
    <ClCompile Include="transformed_structured_data_reader.cpp">
      <Filter>Source Files\training_data</Filter>
    </ClCompile>
    <ClCompile Include="structured_from_raw_data_reader.cpp">
      <Filter>Source Files\training_data</Filter>
    </ClCompile>
    <ClCompile Include="raw_to_structured_data_transformer.cpp">
      <Filter>Source Files\training_data</Filter>
    </ClCompile>
    <ClCompile Include="negative_log_likelihood_layer.cpp">
      <Filter>Source Files\layers</Filter>
    </ClCompile>
    <ClCompile Include="cross_entropy_layer.cpp">
      <Filter>Source Files\layers</Filter>
    </ClCompile>
    <ClCompile Include="stream_redirector.cpp">
      <Filter>Source Files\toolset</Filter>
    </ClCompile>
    <ClCompile Include="structured_data_constant_reader.cpp">
      <Filter>Source Files\training_data</Filter>
    </ClCompile>
    <ClCompile Include="structured_data_bunch_mix_reader.cpp">
      <Filter>Source Files\training_data</Filter>
    </ClCompile>
    <ClCompile Include="gradient_modifier_layer.cpp">
      <Filter>Source Files\layers</Filter>
    </ClCompile>
    <ClCompile Include="concat_layer.cpp">
      <Filter>Source Files\layers</Filter>
    </ClCompile>
    <ClCompile Include="reshape_layer.cpp">
      <Filter>Source Files\layers</Filter>
    </ClCompile>
    <ClCompile Include="lerror_layer.cpp">
      <Filter>Source Files\layers</Filter>
    </ClCompile>
    <ClCompile Include="cdf_max_layer.cpp">
      <Filter>Source Files\layers</Filter>
    </ClCompile>
    <ClCompile Include="prefix_sum_layer.cpp">
      <Filter>Source Files\layers</Filter>
    </ClCompile>
    <ClCompile Include="upsampling_layer.cpp">
      <Filter>Source Files\layers</Filter>
    </ClCompile>
    <ClCompile Include="add_layer.cpp">
      <Filter>Source Files\layers</Filter>
    </ClCompile>
    <ClCompile Include="cdf_to_pdf_layer.cpp">
      <Filter>Source Files\layers</Filter>
    </ClCompile>
    <ClCompile Include="entry_convolution_layer.cpp">
      <Filter>Source Files\layers</Filter>
    </ClCompile>
    <ClCompile Include="batch_norm_layer.cpp">
      <Filter>Source Files\layers</Filter>
    </ClCompile>
    <ClCompile Include="neuron_value_set_data_bunch_reader.cpp">
      <Filter>Source Files\training_data</Filter>
    </ClCompile>
    <ClCompile Include="profile_state.cpp">
      <Filter>Source Files\util</Filter>
    </ClCompile>
    <ClCompile Include="profile_util.cpp">
      <Filter>Source Files\util</Filter>
    </ClCompile>
    <ClCompile Include="learning_rate_decay_policy.cpp">
      <Filter>Source Files\training\trainer</Filter>
    </ClCompile>
    <ClCompile Include="exponential_learning_rate_decay_policy.cpp">
      <Filter>Source Files\training\learning_rate_decay_policies</Filter>
    </ClCompile>
    <ClCompile Include="step_learning_rate_decay_policy.cpp">
      <Filter>Source Files\training\learning_rate_decay_policies</Filter>
    </ClCompile>
    <ClCompile Include="stat_data_bunch_writer.cpp">
      <Filter>Source Files\training_data</Filter>
    </ClCompile>
    <ClCompile Include="training_data_util.cpp">
      <Filter>Source Files\training_data</Filter>
    </ClCompile>
    <ClCompile Include="affine_grid_generator_layer.cpp">
      <Filter>Source Files\layers</Filter>
    </ClCompile>
    <ClCompile Include="linear_sampler_layer.cpp">
      <Filter>Source Files\layers</Filter>
    </ClCompile>
  </ItemGroup>
  <ItemGroup>
    <CustomBuild Include="proto\nnforge.proto">
      <Filter>Proto Files</Filter>
    </CustomBuild>
    <CustomBuild Include="proto\data_normalizer.proto">
      <Filter>Proto Files</Filter>
    </CustomBuild>
  </ItemGroup>
</Project>