<?xml version="1.0" encoding="utf-8"?>
<Project ToolsVersion="4.0" xmlns="http://schemas.microsoft.com/developer/msbuild/2003">
  <ItemGroup>
    <Filter Include="Source Files">
      <UniqueIdentifier>{4FC737F1-C7A5-4376-A066-2A32D752A2FF}</UniqueIdentifier>
      <Extensions>cpp;c;cc;cxx;def;odl;idl;hpj;bat;asm;asmx</Extensions>
    </Filter>
    <Filter Include="Header Files">
      <UniqueIdentifier>{93995380-89BD-4b04-88EB-625FBE52EBFB}</UniqueIdentifier>
      <Extensions>h;hpp;hxx;hm;inl;inc;xsd</Extensions>
    </Filter>
    <Filter Include="Header Files\util">
      <UniqueIdentifier>{d6762a70-247d-43de-87ea-5120d3e25666}</UniqueIdentifier>
    </Filter>
    <Filter Include="Header Files\memobjects">
      <UniqueIdentifier>{150984f6-77c3-45eb-b633-7ede7bf05cfa}</UniqueIdentifier>
    </Filter>
    <Filter Include="Source Files\memobjects">
      <UniqueIdentifier>{f02b2cde-c9bf-49b4-8a77-089f9cc156c0}</UniqueIdentifier>
    </Filter>
    <Filter Include="Header Files\layer_testers">
      <UniqueIdentifier>{f0ba753d-5a7a-4716-8700-d9e279d3e722}</UniqueIdentifier>
    </Filter>
    <Filter Include="Source Files\layer_testers">
      <UniqueIdentifier>{819fdadf-6048-4886-87d8-a86834d9328d}</UniqueIdentifier>
    </Filter>
    <Filter Include="Header Files\testing_schemas">
      <UniqueIdentifier>{75591f2b-3c51-4370-8539-035133ee5378}</UniqueIdentifier>
    </Filter>
    <Filter Include="Header Files\layer_updaters">
      <UniqueIdentifier>{dab0cf1a-c4a2-4f68-bf59-5c8454b00de0}</UniqueIdentifier>
    </Filter>
    <Filter Include="Source Files\layer_updaters">
      <UniqueIdentifier>{80e01077-bf3c-44e6-a10d-aa9114828303}</UniqueIdentifier>
    </Filter>
    <Filter Include="Header Files\updater_schemas">
      <UniqueIdentifier>{d05ea558-877f-4a28-9888-c68ef4254539}</UniqueIdentifier>
    </Filter>
    <Filter Include="Source Files\updater_schemas">
      <UniqueIdentifier>{a439480b-b544-4601-916d-7c4a95bc3085}</UniqueIdentifier>
    </Filter>
    <Filter Include="Header Files\toolset">
      <UniqueIdentifier>{08cdf477-6f6a-4d1e-9693-491a0d3060bf}</UniqueIdentifier>
    </Filter>
    <Filter Include="Source Files\toolset">
      <UniqueIdentifier>{70cbd5c2-f90f-4b67-96d2-c43b9ed11e37}</UniqueIdentifier>
    </Filter>
    <Filter Include="Source Files\testing_schemas">
      <UniqueIdentifier>{82664e3b-e554-43c1-81f2-589cca039917}</UniqueIdentifier>
    </Filter>
    <Filter Include="Source Files\util">
      <UniqueIdentifier>{9d6101ed-97f8-4f3b-99b4-3840666729a3}</UniqueIdentifier>
    </Filter>
    <Filter Include="Header Files\space_filling_curves">
      <UniqueIdentifier>{57d9a636-ca84-4b36-83ae-17e090e78bba}</UniqueIdentifier>
    </Filter>
    <Filter Include="Header Files\forward_propagation">
      <UniqueIdentifier>{fe66c454-30cf-4991-a52c-47e9ea6c88ea}</UniqueIdentifier>
    </Filter>
    <Filter Include="Source Files\forward_propagation">
      <UniqueIdentifier>{7e91a253-3183-4427-af8e-6f51edbd0c34}</UniqueIdentifier>
    </Filter>
    <Filter Include="Header Files\backward_propagation">
      <UniqueIdentifier>{b472ddeb-26c6-48bd-a4fd-37f9c316e7db}</UniqueIdentifier>
    </Filter>
    <Filter Include="Source Files\backward_propagation">
      <UniqueIdentifier>{b060b77a-abbf-40c4-8095-87afd159fd6c}</UniqueIdentifier>
    </Filter>
  </ItemGroup>
  <ItemGroup>
    <ClInclude Include="buffer_cuda_size_configuration.h">
      <Filter>Header Files\util</Filter>
    </ClInclude>
    <ClInclude Include="cuda_running_configuration.h">
      <Filter>Header Files\util</Filter>
    </ClInclude>
    <ClInclude Include="neural_network_cublas_exception.h">
      <Filter>Header Files\util</Filter>
    </ClInclude>
    <ClInclude Include="neural_network_cuda_exception.h">
      <Filter>Header Files\util</Filter>
    </ClInclude>
    <ClInclude Include="cuda_event.h">
      <Filter>Header Files\util</Filter>
    </ClInclude>
    <ClInclude Include="cuda_stream.h">
      <Filter>Header Files\util</Filter>
    </ClInclude>
    <ClInclude Include="cuda_array.h">
      <Filter>Header Files\memobjects</Filter>
    </ClInclude>
    <ClInclude Include="cuda_linear_buffer.h">
      <Filter>Header Files\memobjects</Filter>
    </ClInclude>
    <ClInclude Include="cuda_linear_buffer_device.h">
      <Filter>Header Files\memobjects</Filter>
    </ClInclude>
    <ClInclude Include="cuda_linear_buffer_host.h">
      <Filter>Header Files\memobjects</Filter>
    </ClInclude>
    <ClInclude Include="cuda_memobject.h">
      <Filter>Header Files\memobjects</Filter>
    </ClInclude>
    <ClInclude Include="layer_tester_cuda.h">
      <Filter>Header Files\forward_propagation</Filter>
    </ClInclude>
    <ClInclude Include="layer_testing_schema.h">
      <Filter>Header Files\forward_propagation</Filter>
    </ClInclude>
    <ClInclude Include="layer_testing_schema_factory.h">
      <Filter>Header Files\forward_propagation</Filter>
    </ClInclude>
    <ClInclude Include="absolute_layer_tester_cuda.h">
      <Filter>Header Files\layer_testers</Filter>
    </ClInclude>
    <ClInclude Include="fully_connected_layer_tester_cuda.h">
      <Filter>Header Files\layer_testers</Filter>
    </ClInclude>
    <ClInclude Include="hyperbolic_tangent_layer_tester_cuda.h">
      <Filter>Header Files\layer_testers</Filter>
    </ClInclude>
    <ClInclude Include="local_contrast_subtractive_2d_layer_tester_cuda.h">
      <Filter>Header Files\layer_testers</Filter>
    </ClInclude>
    <ClInclude Include="absolute_layer_testing_schema.h">
      <Filter>Header Files\testing_schemas</Filter>
    </ClInclude>
    <ClInclude Include="average_subsampling_layer_testing_schema.h">
      <Filter>Header Files\testing_schemas</Filter>
    </ClInclude>
    <ClInclude Include="convolution_layer_testing_schema.h">
      <Filter>Header Files\testing_schemas</Filter>
    </ClInclude>
    <ClInclude Include="hyperbolic_tangent_layer_testing_schema.h">
      <Filter>Header Files\testing_schemas</Filter>
    </ClInclude>
    <ClInclude Include="local_contrast_subtractive_layer_testing_schema.h">
      <Filter>Header Files\testing_schemas</Filter>
    </ClInclude>
    <ClInclude Include="cuda.h">
      <Filter>Header Files\util</Filter>
    </ClInclude>
    <ClInclude Include="absolute_layer_updater_cuda.h">
      <Filter>Header Files\layer_updaters</Filter>
    </ClInclude>
    <ClInclude Include="fully_connected_layer_updater_cuda.h">
      <Filter>Header Files\layer_updaters</Filter>
    </ClInclude>
    <ClInclude Include="hyperbolic_tangent_layer_updater_cuda.h">
      <Filter>Header Files\layer_updaters</Filter>
    </ClInclude>
    <ClInclude Include="layer_updater_cuda.h">
      <Filter>Header Files\backward_propagation</Filter>
    </ClInclude>
    <ClInclude Include="layer_updater_schema.h">
      <Filter>Header Files\backward_propagation</Filter>
    </ClInclude>
    <ClInclude Include="layer_updater_schema_factory.h">
      <Filter>Header Files\backward_propagation</Filter>
    </ClInclude>
    <ClInclude Include="absolute_layer_updater_schema.h">
      <Filter>Header Files\updater_schemas</Filter>
    </ClInclude>
    <ClInclude Include="average_subsampling_layer_updater_schema.h">
      <Filter>Header Files\updater_schemas</Filter>
    </ClInclude>
    <ClInclude Include="convolution_layer_updater_schema.h">
      <Filter>Header Files\updater_schemas</Filter>
    </ClInclude>
    <ClInclude Include="hyperbolic_tangent_layer_updater_schema.h">
      <Filter>Header Files\updater_schemas</Filter>
    </ClInclude>
    <ClInclude Include="factory_generator_cuda.h">
      <Filter>Header Files\toolset</Filter>
    </ClInclude>
    <ClInclude Include="cuda_texture.h">
      <Filter>Header Files\memobjects</Filter>
    </ClInclude>
    <ClInclude Include="util_cuda.h">
      <Filter>Header Files\util</Filter>
    </ClInclude>
    <ClInclude Include="max_subsampling_layer_testing_schema.h">
      <Filter>Header Files\testing_schemas</Filter>
    </ClInclude>
    <ClInclude Include="rectified_linear_layer_testing_schema.h">
      <Filter>Header Files\testing_schemas</Filter>
    </ClInclude>
    <ClInclude Include="rectified_linear_layer_updater_schema.h">
      <Filter>Header Files\updater_schemas</Filter>
    </ClInclude>
    <ClInclude Include="softmax_layer_testing_schema.h">
      <Filter>Header Files\testing_schemas</Filter>
    </ClInclude>
    <ClInclude Include="softmax_layer_updater_cuda.h">
      <Filter>Header Files\layer_updaters</Filter>
    </ClInclude>
    <ClInclude Include="softmax_layer_updater_schema.h">
      <Filter>Header Files\updater_schemas</Filter>
    </ClInclude>
    <ClInclude Include="rgb_to_yuv_convert_layer_tester_cuda.h">
      <Filter>Header Files\layer_testers</Filter>
    </ClInclude>
    <ClInclude Include="rgb_to_yuv_convert_layer_testing_schema.h">
      <Filter>Header Files\testing_schemas</Filter>
    </ClInclude>
    <ClInclude Include="maxout_layer_tester_cuda.h">
      <Filter>Header Files\layer_testers</Filter>
    </ClInclude>
    <ClInclude Include="maxout_layer_testing_schema.h">
      <Filter>Header Files\testing_schemas</Filter>
    </ClInclude>
    <ClInclude Include="maxout_layer_updater_cuda.h">
      <Filter>Header Files\layer_updaters</Filter>
    </ClInclude>
    <ClInclude Include="maxout_layer_updater_schema.h">
      <Filter>Header Files\updater_schemas</Filter>
    </ClInclude>
    <ClInclude Include="local_contrast_subtractive_2d_layer_updater_cuda.h">
      <Filter>Header Files\layer_updaters</Filter>
    </ClInclude>
    <ClInclude Include="local_contrast_subtractive_layer_updater_schema.h">
      <Filter>Header Files\updater_schemas</Filter>
    </ClInclude>
    <ClInclude Include="cuda_profiling.h">
      <Filter>Header Files\util</Filter>
    </ClInclude>
    <ClInclude Include="space_filling_curve.h">
      <Filter>Header Files\space_filling_curves</Filter>
    </ClInclude>
    <ClInclude Include="packed_config.h">
      <Filter>Header Files\util</Filter>
    </ClInclude>
    <ClInclude Include="space_filling_curve_tile.h">
      <Filter>Header Files\space_filling_curves</Filter>
    </ClInclude>
    <ClInclude Include="split_policy_z_order.h">
      <Filter>Header Files\space_filling_curves</Filter>
    </ClInclude>
    <ClInclude Include="rgb_to_yuv_convert_layer_updater_cuda.h">
      <Filter>Header Files\layer_updaters</Filter>
    </ClInclude>
    <ClInclude Include="rgb_to_yuv_convert_layer_updater_schema.h">
      <Filter>Header Files\updater_schemas</Filter>
    </ClInclude>
    <ClInclude Include="sequential_curve.h">
      <Filter>Header Files\space_filling_curves</Filter>
    </ClInclude>
    <ClInclude Include="sigmoid_layer_testing_schema.h">
      <Filter>Header Files\testing_schemas</Filter>
    </ClInclude>
    <ClInclude Include="sigmoid_layer_updater_schema.h">
      <Filter>Header Files\updater_schemas</Filter>
    </ClInclude>
    <ClInclude Include="max_subsampling_layer_updater_schema.h">
      <Filter>Header Files\updater_schemas</Filter>
    </ClInclude>
    <ClInclude Include="max_subsampling_layer_updater_cuda.cuh">
      <Filter>Source Files\layer_updaters</Filter>
    </ClInclude>
    <ClInclude Include="max_subsampling_layer_tester_cuda.cuh">
      <Filter>Source Files\layer_testers</Filter>
    </ClInclude>
    <ClInclude Include="sparse_convolution_layer_testing_schema.h">
      <Filter>Header Files\testing_schemas</Filter>
    </ClInclude>
    <ClInclude Include="neural_network_cusparse_exception.h">
      <Filter>Header Files\util</Filter>
    </ClInclude>
    <ClInclude Include="sparse_fully_connected_1x1_layer_tester_cuda.h">
      <Filter>Header Files\layer_testers</Filter>
    </ClInclude>
    <ClInclude Include="sparse_fully_connected_1x1_layer_updater_cuda.h">
      <Filter>Header Files\layer_updaters</Filter>
    </ClInclude>
    <ClInclude Include="sparse_convolution_layer_updater_schema.h">
      <Filter>Header Files\updater_schemas</Filter>
    </ClInclude>
    <ClInclude Include="sparse_fully_connected_layer_tester_cuda.h">
      <Filter>Header Files\layer_testers</Filter>
    </ClInclude>
    <ClInclude Include="sparse_fully_connected_layer_updater_cuda.h">
      <Filter>Header Files\layer_updaters</Filter>
    </ClInclude>
    <ClInclude Include="neural_network_cudnn_exception.h">
      <Filter>Header Files\util</Filter>
    </ClInclude>
    <ClInclude Include="convolution_layer_tester_cuda.h">
      <Filter>Header Files\layer_testers</Filter>
    </ClInclude>
    <ClInclude Include="activation_layer_cudnn_tester_cuda.h">
      <Filter>Header Files\layer_testers</Filter>
    </ClInclude>
    <ClInclude Include="convolution_layer_updater_cuda.h">
      <Filter>Header Files\layer_updaters</Filter>
    </ClInclude>
    <ClInclude Include="softmax_layer_tester_cuda.h">
      <Filter>Header Files\layer_testers</Filter>
    </ClInclude>
    <ClInclude Include="activation_layer_cudnn_updater_cuda.h">
      <Filter>Header Files\layer_updaters</Filter>
    </ClInclude>
    <ClInclude Include="dropout_layer_tester_cuda.h">
      <Filter>Header Files\layer_testers</Filter>
    </ClInclude>
    <ClInclude Include="dropout_layer_testing_schema.h">
      <Filter>Header Files\testing_schemas</Filter>
    </ClInclude>
    <ClInclude Include="dropout_layer_updater_cuda.h">
      <Filter>Header Files\layer_updaters</Filter>
    </ClInclude>
    <ClInclude Include="neural_network_curand_exception.h">
      <Filter>Header Files\util</Filter>
    </ClInclude>
    <ClInclude Include="dropout_layer_updater_schema.h">
      <Filter>Header Files\updater_schemas</Filter>
    </ClInclude>
    <ClInclude Include="parametric_rectified_linear_layer_tester_cuda.h">
      <Filter>Header Files\layer_testers</Filter>
    </ClInclude>
    <ClInclude Include="parametric_rectified_linear_layer_testing_schema.h">
      <Filter>Header Files\testing_schemas</Filter>
    </ClInclude>
    <ClInclude Include="parametric_rectified_linear_layer_updater_cuda.h">
      <Filter>Header Files\layer_updaters</Filter>
    </ClInclude>
    <ClInclude Include="parametric_rectified_linear_layer_updater_schema.h">
      <Filter>Header Files\updater_schemas</Filter>
    </ClInclude>
    <ClInclude Include="average_subsampling_layer_tester_cuda.cuh">
      <Filter>Source Files\layer_testers</Filter>
    </ClInclude>
    <ClInclude Include="average_subsampling_layer_updater_cuda.cuh">
      <Filter>Source Files\layer_updaters</Filter>
    </ClInclude>
    <ClInclude Include="max_subsampling_tiling_layer_tester_cuda.cuh">
      <Filter>Source Files\layer_testers</Filter>
    </ClInclude>
    <ClInclude Include="int_fastdiv.h">
      <Filter>Header Files\util</Filter>
    </ClInclude>
    <ClInclude Include="untile_layer_tester_cuda.h">
      <Filter>Header Files\layer_testers</Filter>
    </ClInclude>
    <ClInclude Include="untile_layer_testing_schema.h">
      <Filter>Header Files\testing_schemas</Filter>
    </ClInclude>
    <ClInclude Include="forward_propagation_cuda_factory.h">
      <Filter>Header Files\forward_propagation</Filter>
    </ClInclude>
    <ClInclude Include="forward_propagation_cuda.h">
      <Filter>Header Files\forward_propagation</Filter>
    </ClInclude>
    <ClInclude Include="accuracy_layer_testing_schema.h">
      <Filter>Header Files\testing_schemas</Filter>
    </ClInclude>
    <ClInclude Include="accuracy_layer_tester_cuda.h">
      <Filter>Header Files\layer_testers</Filter>
    </ClInclude>
    <ClInclude Include="backward_propagation_cuda.h">
      <Filter>Header Files\backward_propagation</Filter>
    </ClInclude>
    <ClInclude Include="backward_propagation_cuda_factory.h">
      <Filter>Header Files\backward_propagation</Filter>
    </ClInclude>
    <ClInclude Include="accuracy_layer_updater_cuda.h">
      <Filter>Header Files\layer_updaters</Filter>
    </ClInclude>
    <ClInclude Include="accuracy_layer_updater_schema.h">
      <Filter>Header Files\updater_schemas</Filter>
    </ClInclude>
    <ClInclude Include="negative_log_likelihood_layer_tester_cuda.h">
      <Filter>Header Files\layer_testers</Filter>
    </ClInclude>
    <ClInclude Include="negative_log_likelihood_layer_testing_schema.h">
      <Filter>Header Files\testing_schemas</Filter>
    </ClInclude>
    <ClInclude Include="negative_log_likelihood_layer_updater_cuda.h">
      <Filter>Header Files\layer_updaters</Filter>
    </ClInclude>
    <ClInclude Include="negative_log_likelihood_layer_updater_schema.h">
      <Filter>Header Files\updater_schemas</Filter>
    </ClInclude>
    <ClInclude Include="cross_entropy_layer_tester_cuda.h">
      <Filter>Header Files\layer_testers</Filter>
    </ClInclude>
    <ClInclude Include="cross_entropy_layer_testing_schema.h">
      <Filter>Header Files\testing_schemas</Filter>
    </ClInclude>
    <ClInclude Include="cross_entropy_layer_updater_cuda.h">
      <Filter>Header Files\layer_updaters</Filter>
    </ClInclude>
    <ClInclude Include="cross_entropy_layer_updater_schema.h">
      <Filter>Header Files\updater_schemas</Filter>
    </ClInclude>
    <ClInclude Include="rectified_linear_layer_updater_cuda.h">
      <Filter>Header Files\layer_updaters</Filter>
    </ClInclude>
    <ClInclude Include="cudnn_util.h">
      <Filter>Header Files\util</Filter>
    </ClInclude>
    <ClInclude Include="gradient_modifier_layer_tester_cuda.h">
      <Filter>Header Files\layer_testers</Filter>
    </ClInclude>
    <ClInclude Include="gradient_modifier_layer_testing_schema.h">
      <Filter>Header Files\testing_schemas</Filter>
    </ClInclude>
    <ClInclude Include="gradient_modifier_layer_updater_cuda.h">
      <Filter>Header Files\layer_updaters</Filter>
    </ClInclude>
    <ClInclude Include="gradient_modifier_layer_updater_schema.h">
      <Filter>Header Files\updater_schemas</Filter>
    </ClInclude>
    <ClInclude Include="concat_layer_tester_cuda.h">
      <Filter>Header Files\layer_testers</Filter>
    </ClInclude>
    <ClInclude Include="concat_layer_testing_schema.h">
      <Filter>Header Files\testing_schemas</Filter>
    </ClInclude>
    <ClInclude Include="concat_layer_updater_cuda.h">
      <Filter>Header Files\layer_updaters</Filter>
    </ClInclude>
    <ClInclude Include="concat_layer_updater_schema.h">
      <Filter>Header Files\updater_schemas</Filter>
    </ClInclude>
    <ClInclude Include="reshape_layer_tester_cuda.h">
      <Filter>Header Files\layer_testers</Filter>
    </ClInclude>
    <ClInclude Include="reshape_layer_testing_schema.h">
      <Filter>Header Files\testing_schemas</Filter>
    </ClInclude>
    <ClInclude Include="reshape_layer_updater_cuda.h">
      <Filter>Header Files\layer_updaters</Filter>
    </ClInclude>
    <ClInclude Include="reshape_layer_updater_schema.h">
      <Filter>Header Files\updater_schemas</Filter>
    </ClInclude>
    <ClInclude Include="lerror_layer_tester_cuda.h">
      <Filter>Header Files\layer_testers</Filter>
    </ClInclude>
    <ClInclude Include="lerror_layer_testing_schema.h">
      <Filter>Header Files\testing_schemas</Filter>
    </ClInclude>
    <ClInclude Include="lerror_layer_updater_cuda.h">
      <Filter>Header Files\layer_updaters</Filter>
    </ClInclude>
    <ClInclude Include="lerror_layer_updater_schema.h">
      <Filter>Header Files\updater_schemas</Filter>
    </ClInclude>
    <ClInclude Include="cdf_max_layer_tester_cuda.h">
      <Filter>Header Files\layer_testers</Filter>
    </ClInclude>
    <ClInclude Include="cdf_max_layer_updater_cuda.h">
      <Filter>Header Files\layer_updaters</Filter>
    </ClInclude>
    <ClInclude Include="cdf_max_layer_testing_schema.h">
      <Filter>Header Files\testing_schemas</Filter>
    </ClInclude>
    <ClInclude Include="cdf_max_layer_updater_schema.h">
      <Filter>Header Files\updater_schemas</Filter>
    </ClInclude>
    <ClInclude Include="prefix_sum_layer_tester_cuda.h">
      <Filter>Header Files\layer_testers</Filter>
    </ClInclude>
    <ClInclude Include="prefix_sum_layer_updater_cuda.h">
      <Filter>Header Files\layer_updaters</Filter>
    </ClInclude>
    <ClInclude Include="prefix_sum_layer_testing_schema.h">
      <Filter>Header Files\testing_schemas</Filter>
    </ClInclude>
    <ClInclude Include="prefix_sum_layer_updater_schema.h">
      <Filter>Header Files\updater_schemas</Filter>
    </ClInclude>
    <ClInclude Include="upsampling_layer_tester_cuda.cuh">
      <Filter>Source Files\layer_testers</Filter>
    </ClInclude>
    <ClInclude Include="upsampling_layer_testing_schema.h">
      <Filter>Header Files\testing_schemas</Filter>
    </ClInclude>
    <ClInclude Include="upsampling_layer_updater_schema.h">
      <Filter>Header Files\updater_schemas</Filter>
    </ClInclude>
    <ClInclude Include="upsampling_layer_updater_cuda.cuh">
      <Filter>Source Files\layer_updaters</Filter>
    </ClInclude>
    <ClInclude Include="add_layer_tester_cuda.h">
      <Filter>Header Files\layer_testers</Filter>
    </ClInclude>
    <ClInclude Include="add_layer_updater_cuda.h">
      <Filter>Header Files\layer_updaters</Filter>
    </ClInclude>
    <ClInclude Include="add_layer_testing_schema.h">
      <Filter>Header Files\testing_schemas</Filter>
    </ClInclude>
    <ClInclude Include="add_layer_updater_schema.h">
      <Filter>Header Files\updater_schemas</Filter>
    </ClInclude>
    <ClInclude Include="cdf_to_pdf_layer_tester_cuda.h">
      <Filter>Header Files\layer_testers</Filter>
    </ClInclude>
    <ClInclude Include="cdf_to_pdf_layer_testing_schema.h">
      <Filter>Header Files\testing_schemas</Filter>
    </ClInclude>
    <ClInclude Include="cdf_to_pdf_layer_updater_cuda.h">
      <Filter>Header Files\layer_updaters</Filter>
    </ClInclude>
    <ClInclude Include="cdf_to_pdf_layer_updater_schema.h">
      <Filter>Header Files\updater_schemas</Filter>
    </ClInclude>
    <ClInclude Include="entry_convolution_layer_tester_cuda.h">
      <Filter>Header Files\layer_testers</Filter>
    </ClInclude>
    <ClInclude Include="entry_convolution_layer_testing_schema.h">
      <Filter>Header Files\testing_schemas</Filter>
    </ClInclude>
    <ClInclude Include="entry_convolution_layer_updater_cuda.h">
      <Filter>Header Files\layer_updaters</Filter>
    </ClInclude>
    <ClInclude Include="entry_convolution_layer_updater_schema.h">
      <Filter>Header Files\updater_schemas</Filter>
    </ClInclude>
    <ClInclude Include="batch_norm_layer_updater_cuda.h">
      <Filter>Header Files\layer_updaters</Filter>
    </ClInclude>
    <ClInclude Include="batch_norm_layer_updater_schema.h">
      <Filter>Header Files\updater_schemas</Filter>
    </ClInclude>
    <ClInclude Include="batch_norm_layer_tester_cuda.h">
      <Filter>Header Files\layer_testers</Filter>
    </ClInclude>
    <ClInclude Include="batch_norm_layer_testing_schema.h">
      <Filter>Header Files\testing_schemas</Filter>
    </ClInclude>
    <ClInclude Include="affine_grid_generator_layer_tester_cuda.h">
      <Filter>Header Files\layer_testers</Filter>
    </ClInclude>
    <ClInclude Include="affine_grid_generator_layer_testing_schema.h">
      <Filter>Header Files\testing_schemas</Filter>
    </ClInclude>
    <ClInclude Include="affine_grid_generator_layer_updater_cuda.h">
      <Filter>Header Files\layer_updaters</Filter>
    </ClInclude>
    <ClInclude Include="affine_grid_generator_layer_updater_schema.h">
      <Filter>Header Files\updater_schemas</Filter>
    </ClInclude>
    <ClInclude Include="linear_sampler_layer_testing_schema.h">
      <Filter>Header Files\testing_schemas</Filter>
    </ClInclude>
    <ClInclude Include="linear_sampler_layer_tester_cuda.h">
      <Filter>Header Files\layer_testers</Filter>
    </ClInclude>
    <ClInclude Include="linear_sampler_layer_updater_cuda.h">
      <Filter>Header Files\layer_updaters</Filter>
    </ClInclude>
    <ClInclude Include="linear_sampler_layer_updater_schema.h">
      <Filter>Header Files\updater_schemas</Filter>
    </ClInclude>
    <ClInclude Include="sparse_convolution_layer_tester_cuda.cuh">
      <Filter>Source Files\layer_testers</Filter>
    </ClInclude>
    <ClInclude Include="sparse_convolution_layer_testing_schema_helper_cuda.h">
      <Filter>Header Files\testing_schemas</Filter>
    </ClInclude>
    <ClInclude Include="sparse_convolution_layer_updater_schema_helper_cuda.h">
      <Filter>Header Files\updater_schemas</Filter>
    </ClInclude>
    <ClInclude Include="sparse_convolution_layer_updater_cuda.cuh">
      <Filter>Source Files\layer_updaters</Filter>
    </ClInclude>
    <ClInclude Include="sparse_1x1_layer_updater_cuda.h">
      <Filter>Header Files\layer_updaters</Filter>
    </ClInclude>
    <ClInclude Include="sparse_1x1_layer_tester_cuda.h">
      <Filter>Header Files\layer_testers</Filter>
    </ClInclude>
    <ClInclude Include="cuda_multi_running_configuration.h">
      <Filter>Header Files\util</Filter>
    </ClInclude>
    <ClInclude Include="cuda_communicator.h">
      <Filter>Header Files\util</Filter>
    </ClInclude>
    <ClInclude Include="host_staged_cuda_communicator.h">
      <Filter>Header Files\util</Filter>
    </ClInclude>
    <ClInclude Include="nccl_cuda_communicator.h">
      <Filter>Header Files\util</Filter>
    </ClInclude>
  </ItemGroup>
  <ItemGroup>
    <ClCompile Include="buffer_cuda_size_configuration.cpp">
      <Filter>Source Files\util</Filter>
    </ClCompile>
    <ClCompile Include="cuda_running_configuration.cpp">
      <Filter>Source Files\util</Filter>
    </ClCompile>
    <ClCompile Include="neural_network_cublas_exception.cpp">
      <Filter>Source Files\util</Filter>
    </ClCompile>
    <ClCompile Include="neural_network_cuda_exception.cpp">
      <Filter>Source Files\util</Filter>
    </ClCompile>
    <ClCompile Include="cuda_event.cpp">
      <Filter>Source Files\util</Filter>
    </ClCompile>
    <ClCompile Include="cuda_stream.cpp">
      <Filter>Source Files\util</Filter>
    </ClCompile>
    <ClCompile Include="cuda_array.cpp">
      <Filter>Source Files\memobjects</Filter>
    </ClCompile>
    <ClCompile Include="cuda_linear_buffer.cpp">
      <Filter>Source Files\memobjects</Filter>
    </ClCompile>
    <ClCompile Include="cuda_linear_buffer_device.cpp">
      <Filter>Source Files\memobjects</Filter>
    </ClCompile>
    <ClCompile Include="cuda_linear_buffer_host.cpp">
      <Filter>Source Files\memobjects</Filter>
    </ClCompile>
    <ClCompile Include="layer_testing_schema.cpp">
      <Filter>Source Files\forward_propagation</Filter>
    </ClCompile>
    <ClCompile Include="layer_testing_schema_factory.cpp">
      <Filter>Source Files\forward_propagation</Filter>
    </ClCompile>
    <ClCompile Include="absolute_layer_testing_schema.cpp">
      <Filter>Source Files\testing_schemas</Filter>
    </ClCompile>
    <ClCompile Include="convolution_layer_testing_schema.cpp">
      <Filter>Source Files\testing_schemas</Filter>
    </ClCompile>
    <ClCompile Include="hyperbolic_tangent_layer_testing_schema.cpp">
      <Filter>Source Files\testing_schemas</Filter>
    </ClCompile>
    <ClCompile Include="local_contrast_subtractive_layer_testing_schema.cpp">
      <Filter>Source Files\testing_schemas</Filter>
    </ClCompile>
    <ClCompile Include="cuda.cpp">
      <Filter>Source Files\util</Filter>
    </ClCompile>
    <ClCompile Include="layer_updater_schema.cpp">
      <Filter>Source Files\backward_propagation</Filter>
    </ClCompile>
    <ClCompile Include="layer_updater_schema_factory.cpp">
      <Filter>Source Files\backward_propagation</Filter>
    </ClCompile>
    <ClCompile Include="absolute_layer_updater_schema.cpp">
      <Filter>Source Files\updater_schemas</Filter>
    </ClCompile>
    <ClCompile Include="convolution_layer_updater_schema.cpp">
      <Filter>Source Files\updater_schemas</Filter>
    </ClCompile>
    <ClCompile Include="hyperbolic_tangent_layer_updater_schema.cpp">
      <Filter>Source Files\updater_schemas</Filter>
    </ClCompile>
    <ClCompile Include="factory_generator_cuda.cpp">
      <Filter>Source Files\toolset</Filter>
    </ClCompile>
    <ClCompile Include="cuda_texture.cpp">
      <Filter>Source Files\memobjects</Filter>
    </ClCompile>
    <ClCompile Include="layer_tester_cuda.cpp">
      <Filter>Source Files\forward_propagation</Filter>
    </ClCompile>
    <ClCompile Include="rectified_linear_layer_testing_schema.cpp">
      <Filter>Source Files\testing_schemas</Filter>
    </ClCompile>
    <ClCompile Include="rectified_linear_layer_updater_schema.cpp">
      <Filter>Source Files\updater_schemas</Filter>
    </ClCompile>
    <ClCompile Include="softmax_layer_testing_schema.cpp">
      <Filter>Source Files\testing_schemas</Filter>
    </ClCompile>
    <ClCompile Include="softmax_layer_updater_schema.cpp">
      <Filter>Source Files\updater_schemas</Filter>
    </ClCompile>
    <ClCompile Include="rgb_to_yuv_convert_layer_testing_schema.cpp">
      <Filter>Source Files\testing_schemas</Filter>
    </ClCompile>
    <ClCompile Include="maxout_layer_testing_schema.cpp">
      <Filter>Source Files\testing_schemas</Filter>
    </ClCompile>
    <ClCompile Include="maxout_layer_updater_schema.cpp">
      <Filter>Source Files\updater_schemas</Filter>
    </ClCompile>
    <ClCompile Include="local_contrast_subtractive_layer_updater_schema.cpp">
      <Filter>Source Files\updater_schemas</Filter>
    </ClCompile>
    <ClCompile Include="rgb_to_yuv_convert_layer_updater_schema.cpp">
      <Filter>Source Files\updater_schemas</Filter>
    </ClCompile>
    <ClCompile Include="sigmoid_layer_testing_schema.cpp">
      <Filter>Source Files\testing_schemas</Filter>
    </ClCompile>
    <ClCompile Include="sigmoid_layer_updater_schema.cpp">
      <Filter>Source Files\updater_schemas</Filter>
    </ClCompile>
    <ClCompile Include="sparse_convolution_layer_testing_schema.cpp">
      <Filter>Source Files\testing_schemas</Filter>
    </ClCompile>
    <ClCompile Include="neural_network_cusparse_exception.cpp">
      <Filter>Source Files\util</Filter>
    </ClCompile>
    <ClCompile Include="sparse_convolution_layer_updater_schema.cpp">
      <Filter>Source Files\updater_schemas</Filter>
    </ClCompile>
    <ClCompile Include="neural_network_cudnn_exception.cpp">
      <Filter>Source Files\util</Filter>
    </ClCompile>
    <ClCompile Include="fully_connected_layer_tester_cuda.cpp">
      <Filter>Source Files\layer_testers</Filter>
    </ClCompile>
    <ClCompile Include="convolution_layer_tester_cuda.cpp">
      <Filter>Source Files\layer_testers</Filter>
    </ClCompile>
    <ClCompile Include="activation_layer_cudnn_tester_cuda.cpp">
      <Filter>Source Files\layer_testers</Filter>
    </ClCompile>
    <ClCompile Include="convolution_layer_updater_cuda.cpp">
      <Filter>Source Files\layer_updaters</Filter>
    </ClCompile>
    <ClCompile Include="fully_connected_layer_updater_cuda.cpp">
      <Filter>Source Files\layer_updaters</Filter>
    </ClCompile>
    <ClCompile Include="softmax_layer_tester_cuda.cpp">
      <Filter>Source Files\layer_testers</Filter>
    </ClCompile>
    <ClCompile Include="activation_layer_cudnn_updater_cuda.cpp">
      <Filter>Source Files\layer_updaters</Filter>
    </ClCompile>
    <ClCompile Include="softmax_layer_updater_cuda.cpp">
      <Filter>Source Files\layer_updaters</Filter>
    </ClCompile>
    <ClCompile Include="dropout_layer_tester_cuda.cpp">
      <Filter>Source Files\layer_testers</Filter>
    </ClCompile>
    <ClCompile Include="dropout_layer_testing_schema.cpp">
      <Filter>Source Files\testing_schemas</Filter>
    </ClCompile>
    <ClCompile Include="neural_network_curand_exception.cpp">
      <Filter>Source Files\util</Filter>
    </ClCompile>
    <ClCompile Include="dropout_layer_updater_schema.cpp">
      <Filter>Source Files\updater_schemas</Filter>
    </ClCompile>
    <ClCompile Include="parametric_rectified_linear_layer_testing_schema.cpp">
      <Filter>Source Files\testing_schemas</Filter>
    </ClCompile>
    <ClCompile Include="parametric_rectified_linear_layer_updater_schema.cpp">
      <Filter>Source Files\updater_schemas</Filter>
    </ClCompile>
    <ClCompile Include="untile_layer_testing_schema.cpp">
      <Filter>Source Files\testing_schemas</Filter>
    </ClCompile>
    <ClCompile Include="forward_propagation_cuda_factory.cpp">
      <Filter>Source Files\forward_propagation</Filter>
    </ClCompile>
    <ClCompile Include="forward_propagation_cuda.cpp">
      <Filter>Source Files\forward_propagation</Filter>
    </ClCompile>
    <ClCompile Include="sparse_fully_connected_1x1_layer_tester_cuda.cpp">
      <Filter>Source Files\layer_testers</Filter>
    </ClCompile>
    <ClCompile Include="accuracy_layer_testing_schema.cpp">
      <Filter>Source Files\testing_schemas</Filter>
    </ClCompile>
    <ClCompile Include="backward_propagation_cuda.cpp">
      <Filter>Source Files\backward_propagation</Filter>
    </ClCompile>
    <ClCompile Include="backward_propagation_cuda_factory.cpp">
      <Filter>Source Files\backward_propagation</Filter>
    </ClCompile>
    <ClCompile Include="layer_updater_cuda.cpp">
      <Filter>Source Files\backward_propagation</Filter>
    </ClCompile>
    <ClCompile Include="accuracy_layer_updater_schema.cpp">
      <Filter>Source Files\updater_schemas</Filter>
    </ClCompile>
    <ClCompile Include="negative_log_likelihood_layer_testing_schema.cpp">
      <Filter>Source Files\testing_schemas</Filter>
    </ClCompile>
    <ClCompile Include="negative_log_likelihood_layer_updater_schema.cpp">
      <Filter>Source Files\updater_schemas</Filter>
    </ClCompile>
    <ClCompile Include="cross_entropy_layer_testing_schema.cpp">
      <Filter>Source Files\testing_schemas</Filter>
    </ClCompile>
    <ClCompile Include="cross_entropy_layer_updater_schema.cpp">
      <Filter>Source Files\updater_schemas</Filter>
    </ClCompile>
    <ClCompile Include="cudnn_util.cpp">
      <Filter>Source Files\util</Filter>
    </ClCompile>
    <ClCompile Include="gradient_modifier_layer_tester_cuda.cpp">
      <Filter>Source Files\layer_testers</Filter>
    </ClCompile>
    <ClCompile Include="gradient_modifier_layer_testing_schema.cpp">
      <Filter>Source Files\testing_schemas</Filter>
    </ClCompile>
    <ClCompile Include="gradient_modifier_layer_updater_cuda.cpp">
      <Filter>Source Files\layer_updaters</Filter>
    </ClCompile>
    <ClCompile Include="gradient_modifier_layer_updater_schema.cpp">
      <Filter>Source Files\updater_schemas</Filter>
    </ClCompile>
    <ClCompile Include="concat_layer_testing_schema.cpp">
      <Filter>Source Files\testing_schemas</Filter>
    </ClCompile>
    <ClCompile Include="concat_layer_updater_schema.cpp">
      <Filter>Source Files\updater_schemas</Filter>
    </ClCompile>
    <ClCompile Include="reshape_layer_tester_cuda.cpp">
      <Filter>Source Files\layer_testers</Filter>
    </ClCompile>
    <ClCompile Include="reshape_layer_testing_schema.cpp">
      <Filter>Source Files\testing_schemas</Filter>
    </ClCompile>
    <ClCompile Include="reshape_layer_updater_cuda.cpp">
      <Filter>Source Files\layer_updaters</Filter>
    </ClCompile>
    <ClCompile Include="reshape_layer_updater_schema.cpp">
      <Filter>Source Files\updater_schemas</Filter>
    </ClCompile>
    <ClCompile Include="lerror_layer_testing_schema.cpp">
      <Filter>Source Files\testing_schemas</Filter>
    </ClCompile>
    <ClCompile Include="lerror_layer_updater_schema.cpp">
      <Filter>Source Files\updater_schemas</Filter>
    </ClCompile>
    <ClCompile Include="cdf_max_layer_testing_schema.cpp">
      <Filter>Source Files\testing_schemas</Filter>
    </ClCompile>
    <ClCompile Include="cdf_max_layer_updater_schema.cpp">
      <Filter>Source Files\updater_schemas</Filter>
    </ClCompile>
    <ClCompile Include="prefix_sum_layer_testing_schema.cpp">
      <Filter>Source Files\testing_schemas</Filter>
    </ClCompile>
    <ClCompile Include="prefix_sum_layer_updater_schema.cpp">
      <Filter>Source Files\updater_schemas</Filter>
    </ClCompile>
    <ClCompile Include="add_layer_testing_schema.cpp">
      <Filter>Source Files\testing_schemas</Filter>
    </ClCompile>
    <ClCompile Include="add_layer_updater_schema.cpp">
      <Filter>Source Files\updater_schemas</Filter>
    </ClCompile>
    <ClCompile Include="cdf_to_pdf_layer_testing_schema.cpp">
      <Filter>Source Files\testing_schemas</Filter>
    </ClCompile>
    <ClCompile Include="cdf_to_pdf_layer_updater_schema.cpp">
      <Filter>Source Files\updater_schemas</Filter>
    </ClCompile>
    <ClCompile Include="entry_convolution_layer_testing_schema.cpp">
      <Filter>Source Files\testing_schemas</Filter>
    </ClCompile>
    <ClCompile Include="entry_convolution_layer_updater_schema.cpp">
      <Filter>Source Files\updater_schemas</Filter>
    </ClCompile>
    <ClCompile Include="batch_norm_layer_updater_schema.cpp">
      <Filter>Source Files\updater_schemas</Filter>
    </ClCompile>
    <ClCompile Include="batch_norm_layer_testing_schema.cpp">
      <Filter>Source Files\testing_schemas</Filter>
    </ClCompile>
    <ClCompile Include="affine_grid_generator_layer_testing_schema.cpp">
      <Filter>Source Files\testing_schemas</Filter>
    </ClCompile>
    <ClCompile Include="affine_grid_generator_layer_updater_schema.cpp">
      <Filter>Source Files\updater_schemas</Filter>
    </ClCompile>
    <ClCompile Include="linear_sampler_layer_testing_schema.cpp">
      <Filter>Source Files\testing_schemas</Filter>
    </ClCompile>
    <ClCompile Include="linear_sampler_layer_updater_schema.cpp">
      <Filter>Source Files\updater_schemas</Filter>
    </ClCompile>
    <ClCompile Include="sparse_1x1_layer_tester_cuda.cpp">
      <Filter>Source Files\layer_testers</Filter>
    </ClCompile>
    <ClCompile Include="cuda_multi_running_configuration.cpp">
      <Filter>Source Files\util</Filter>
    </ClCompile>
    <ClCompile Include="host_staged_cuda_communicator.cpp">
      <Filter>Source Files\util</Filter>
    </ClCompile>
    <ClCompile Include="nccl_cuda_communicator.cpp">
      <Filter>Source Files\util</Filter>
    </ClCompile>
  </ItemGroup>
  <ItemGroup>
    <CudaCompile Include="absolute_layer_tester_cuda.cu">
      <Filter>Source Files\layer_testers</Filter>
    </CudaCompile>
    <CudaCompile Include="hyperbolic_tangent_layer_tester_cuda.cu">
      <Filter>Source Files\layer_testers</Filter>
    </CudaCompile>
    <CudaCompile Include="local_contrast_subtractive_2d_layer_tester_cuda.cu">
      <Filter>Source Files\layer_testers</Filter>
    </CudaCompile>
    <CudaCompile Include="absolute_layer_updater_cuda.cu">
      <Filter>Source Files\layer_updaters</Filter>
    </CudaCompile>
    <CudaCompile Include="hyperbolic_tangent_layer_updater_cuda.cu">
      <Filter>Source Files\layer_updaters</Filter>
    </CudaCompile>
    <CudaCompile Include="rgb_to_yuv_convert_layer_tester_cuda.cu">
      <Filter>Source Files\layer_testers</Filter>
    </CudaCompile>
    <CudaCompile Include="maxout_layer_tester_cuda.cu">
      <Filter>Source Files\layer_testers</Filter>
    </CudaCompile>
    <CudaCompile Include="maxout_layer_updater_cuda.cu">
      <Filter>Source Files\layer_updaters</Filter>
    </CudaCompile>
    <CudaCompile Include="local_contrast_subtractive_2d_layer_updater_cuda.cu">
      <Filter>Source Files\layer_updaters</Filter>
    </CudaCompile>
    <CudaCompile Include="rgb_to_yuv_convert_layer_updater_cuda.cu">
      <Filter>Source Files\layer_updaters</Filter>
    </CudaCompile>
    <CudaCompile Include="max_subsampling_layer_updater_schema_cuda.cu">
      <Filter>Source Files\updater_schemas</Filter>
    </CudaCompile>
    <CudaCompile Include="max_subsampling_layer_testing_schema_cuda.cu">
      <Filter>Source Files\testing_schemas</Filter>
    </CudaCompile>
    <CudaCompile Include="sparse_fully_connected_1x1_layer_updater_cuda.cu">
      <Filter>Source Files\layer_updaters</Filter>
    </CudaCompile>
    <CudaCompile Include="sparse_fully_connected_layer_tester_cuda.cu">
      <Filter>Source Files\layer_testers</Filter>
    </CudaCompile>
    <CudaCompile Include="sparse_fully_connected_layer_updater_cuda.cu">
      <Filter>Source Files\layer_updaters</Filter>
    </CudaCompile>
    <CudaCompile Include="sparse_convolution_layer_updater_schema_helper_cuda_kepler.cu">
      <Filter>Source Files\updater_schemas</Filter>
    </CudaCompile>
    <CudaCompile Include="dropout_layer_updater_cuda.cu">
      <Filter>Source Files\layer_updaters</Filter>
    </CudaCompile>
    <CudaCompile Include="parametric_rectified_linear_layer_tester_cuda.cu">
      <Filter>Source Files\layer_testers</Filter>
    </CudaCompile>
    <CudaCompile Include="parametric_rectified_linear_layer_updater_cuda.cu">
      <Filter>Source Files\layer_updaters</Filter>
    </CudaCompile>
    <CudaCompile Include="average_subsampling_layer_testing_schema_cuda.cu">
      <Filter>Source Files\testing_schemas</Filter>
    </CudaCompile>
    <CudaCompile Include="average_subsampling_layer_updater_schema_cuda.cu">
      <Filter>Source Files\updater_schemas</Filter>
    </CudaCompile>
    <CudaCompile Include="untile_layer_tester_cuda.cu">
      <Filter>Source Files\layer_testers</Filter>
    </CudaCompile>
    <CudaCompile Include="accuracy_layer_tester_cuda.cu">
      <Filter>Source Files\layer_testers</Filter>
    </CudaCompile>
    <CudaCompile Include="util_cuda.cu">
      <Filter>Source Files\util</Filter>
    </CudaCompile>
    <CudaCompile Include="accuracy_layer_updater_cuda.cu">
      <Filter>Source Files\layer_updaters</Filter>
    </CudaCompile>
    <CudaCompile Include="negative_log_likelihood_layer_tester_cuda.cu">
      <Filter>Source Files\layer_testers</Filter>
    </CudaCompile>
    <CudaCompile Include="negative_log_likelihood_layer_updater_cuda.cu">
      <Filter>Source Files\layer_updaters</Filter>
    </CudaCompile>
    <CudaCompile Include="cross_entropy_layer_tester_cuda.cu">
      <Filter>Source Files\layer_testers</Filter>
    </CudaCompile>
    <CudaCompile Include="cross_entropy_layer_updater_cuda.cu">
      <Filter>Source Files\layer_updaters</Filter>
    </CudaCompile>
    <CudaCompile Include="rectified_linear_layer_updater_cuda.cu">
      <Filter>Source Files\layer_updaters</Filter>
    </CudaCompile>
    <CudaCompile Include="lerror_layer_tester_cuda.cu">
      <Filter>Source Files\layer_testers</Filter>
    </CudaCompile>
    <CudaCompile Include="lerror_layer_updater_cuda.cu">
      <Filter>Source Files\layer_updaters</Filter>
    </CudaCompile>
    <CudaCompile Include="cdf_max_layer_tester_cuda.cu">
      <Filter>Source Files\layer_testers</Filter>
    </CudaCompile>
    <CudaCompile Include="cdf_max_layer_updater_cuda.cu">
      <Filter>Source Files\layer_updaters</Filter>
    </CudaCompile>
    <CudaCompile Include="prefix_sum_layer_tester_cuda.cu">
      <Filter>Source Files\layer_testers</Filter>
    </CudaCompile>
    <CudaCompile Include="prefix_sum_layer_updater_cuda.cu">
      <Filter>Source Files\layer_updaters</Filter>
    </CudaCompile>
    <CudaCompile Include="upsampling_layer_testing_schema.cu">
      <Filter>Source Files\testing_schemas</Filter>
    </CudaCompile>
    <CudaCompile Include="upsampling_layer_updater_schema.cu">
      <Filter>Source Files\updater_schemas</Filter>
    </CudaCompile>
    <CudaCompile Include="concat_layer_tester_cuda.cu">
      <Filter>Source Files\layer_testers</Filter>
    </CudaCompile>
    <CudaCompile Include="concat_layer_updater_cuda.cu">
      <Filter>Source Files\layer_updaters</Filter>
    </CudaCompile>
    <CudaCompile Include="cdf_to_pdf_layer_tester_cuda.cu">
      <Filter>Source Files\layer_testers</Filter>
    </CudaCompile>
    <CudaCompile Include="cdf_to_pdf_layer_updater_cuda.cu">
      <Filter>Source Files\layer_updaters</Filter>
    </CudaCompile>
    <CudaCompile Include="entry_convolution_layer_tester_cuda.cu">
      <Filter>Source Files\layer_testers</Filter>
    </CudaCompile>
    <CudaCompile Include="entry_convolution_layer_updater_cuda.cu">
      <Filter>Source Files\layer_updaters</Filter>
    </CudaCompile>
    <CudaCompile Include="add_layer_tester_cuda.cu">
      <Filter>Source Files\layer_testers</Filter>
    </CudaCompile>
    <CudaCompile Include="add_layer_updater_cuda.cu">
      <Filter>Source Files\layer_updaters</Filter>
    </CudaCompile>
    <CudaCompile Include="batch_norm_layer_updater_cuda.cu">
      <Filter>Source Files\layer_updaters</Filter>
    </CudaCompile>
    <CudaCompile Include="batch_norm_layer_tester_cuda.cu">
      <Filter>Source Files\layer_testers</Filter>
    </CudaCompile>
    <CudaCompile Include="affine_grid_generator_layer_tester_cuda.cu">
      <Filter>Source Files\layer_testers</Filter>
    </CudaCompile>
    <CudaCompile Include="affine_grid_generator_layer_updater_cuda.cu">
      <Filter>Source Files\layer_updaters</Filter>
    </CudaCompile>
    <CudaCompile Include="linear_sampler_layer_tester_cuda.cu">
      <Filter>Source Files\layer_testers</Filter>
    </CudaCompile>
    <CudaCompile Include="linear_sampler_layer_updater_cuda.cu">
      <Filter>Source Files\layer_updaters</Filter>
    </CudaCompile>
    <CudaCompile Include="sparse_convolution_layer_testing_schema_helper_cuda.cu">
      <Filter>Source Files\testing_schemas</Filter>
    </CudaCompile>
    <CudaCompile Include="sparse_1x1_layer_updater_cuda.cu">
      <Filter>Source Files\layer_updaters</Filter>
    </CudaCompile>
  </ItemGroup>
</Project>