<?xml version="1.0" encoding="utf-8"?>
<Project ToolsVersion="4.0" xmlns="http://schemas.microsoft.com/developer/msbuild/2003">
  <ItemGroup>
    <Filter Include="Source Files">
      <UniqueIdentifier>{4FC737F1-C7A5-4376-A066-2A32D752A2FF}</UniqueIdentifier>
      <Extensions>cpp;c;cc;cxx;def;odl;idl;hpj;bat;asm;asmx</Extensions>
    </Filter>
    <Filter Include="Header Files">
      <UniqueIdentifier>{93995380-89BD-4b04-88EB-625FBE52EBFB}</UniqueIdentifier>
      <Extensions>h;hpp;hxx;hm;inl;inc;xsd</Extensions>
    </Filter>
    <Filter Include="Header Files\util">
      <UniqueIdentifier>{27abe22e-2b55-43fd-8944-2c34f5dd337d}</UniqueIdentifier>
    </Filter>
    <Filter Include="Source Files\util">
      <UniqueIdentifier>{3858786e-bed3-4b55-825a-bdfdbfe68304}</UniqueIdentifier>
    </Filter>
    <Filter Include="Header Files\layer_testers">
      <UniqueIdentifier>{69838202-ecd6-4fe4-9731-eae0c91f4440}</UniqueIdentifier>
    </Filter>
    <Filter Include="Source Files\layer_testers">
      <UniqueIdentifier>{e981c114-1a29-4dd2-ad89-94e789c5b488}</UniqueIdentifier>
    </Filter>
    <Filter Include="Header Files\network_tester">
      <UniqueIdentifier>{a0eee6da-a27a-4552-8ea6-c9b4b6c8e87f}</UniqueIdentifier>
    </Filter>
    <Filter Include="Source Files\network_tester">
      <UniqueIdentifier>{b3d60e6e-412a-4885-8580-44fbdf96f0df}</UniqueIdentifier>
    </Filter>
    <Filter Include="Header Files\network_updater">
      <UniqueIdentifier>{8fba894e-99af-4b4a-bc03-f37465578302}</UniqueIdentifier>
    </Filter>
    <Filter Include="Source Files\network_updater">
      <UniqueIdentifier>{43b650de-9031-4878-98e7-1becc80d14b0}</UniqueIdentifier>
    </Filter>
    <Filter Include="Header Files\layer_updaters">
      <UniqueIdentifier>{fb133b7a-ed05-44ea-8647-3058443adab1}</UniqueIdentifier>
    </Filter>
    <Filter Include="Source Files\layer_updaters">
      <UniqueIdentifier>{9ce3d2e0-9d06-4718-ac0f-dba4a1f08e7e}</UniqueIdentifier>
    </Filter>
    <Filter Include="Header Files\toolset">
      <UniqueIdentifier>{c535831e-1985-42cf-8559-15a995a15897}</UniqueIdentifier>
    </Filter>
    <Filter Include="Source Files\toolset">
      <UniqueIdentifier>{180960b4-38a1-45d8-88d2-4c437f678786}</UniqueIdentifier>
    </Filter>
    <Filter Include="Header Files\network_analyzer">
      <UniqueIdentifier>{744c0f44-47f0-472b-a708-3d6e884fdd2c}</UniqueIdentifier>
    </Filter>
    <Filter Include="Source Files\network_analyzer">
      <UniqueIdentifier>{73233f80-6d80-4e8f-857f-aff5f302d96a}</UniqueIdentifier>
    </Filter>
  </ItemGroup>
  <ItemGroup>
    <ClInclude Include="buffer_plain_size_configuration.h">
      <Filter>Header Files\util</Filter>
    </ClInclude>
    <ClInclude Include="plain_running_configuration.h">
      <Filter>Header Files\util</Filter>
    </ClInclude>
    <ClInclude Include="absolute_layer_tester_plain.h">
      <Filter>Header Files\layer_testers</Filter>
    </ClInclude>
    <ClInclude Include="average_subsampling_layer_tester_plain.h">
      <Filter>Header Files\layer_testers</Filter>
    </ClInclude>
    <ClInclude Include="convolution_layer_tester_plain.h">
      <Filter>Header Files\layer_testers</Filter>
    </ClInclude>
    <ClInclude Include="hyperbolic_tangent_layer_tester_plain.h">
      <Filter>Header Files\layer_testers</Filter>
    </ClInclude>
    <ClInclude Include="local_contrast_subtractive_layer_tester_plain.h">
      <Filter>Header Files\layer_testers</Filter>
    </ClInclude>
    <ClInclude Include="max_subsampling_layer_tester_plain.h">
      <Filter>Header Files\layer_testers</Filter>
    </ClInclude>
    <ClInclude Include="plain.h">
      <Filter>Header Files\util</Filter>
    </ClInclude>
    <ClInclude Include="layer_tester_plain.h">
      <Filter>Header Files\network_tester</Filter>
    </ClInclude>
    <ClInclude Include="network_tester_plain_factory.h">
      <Filter>Header Files\network_tester</Filter>
    </ClInclude>
    <ClInclude Include="layer_tester_plain_factory.h">
      <Filter>Header Files\network_tester</Filter>
    </ClInclude>
    <ClInclude Include="network_tester_plain.h">
      <Filter>Header Files\network_tester</Filter>
    </ClInclude>
    <ClInclude Include="network_updater_plain.h">
      <Filter>Header Files\network_updater</Filter>
    </ClInclude>
    <ClInclude Include="network_updater_plain_factory.h">
      <Filter>Header Files\network_updater</Filter>
    </ClInclude>
    <ClInclude Include="layer_updater_plain.h">
      <Filter>Header Files\network_updater</Filter>
    </ClInclude>
    <ClInclude Include="layer_updater_plain_factory.h">
      <Filter>Header Files\network_updater</Filter>
    </ClInclude>
    <ClInclude Include="absolute_layer_updater_plain.h">
      <Filter>Header Files\layer_updaters</Filter>
    </ClInclude>
    <ClInclude Include="average_subsampling_layer_updater_plain.h">
      <Filter>Header Files\layer_updaters</Filter>
    </ClInclude>
    <ClInclude Include="convolution_layer_updater_plain.h">
      <Filter>Header Files\layer_updaters</Filter>
    </ClInclude>
    <ClInclude Include="hyperbolic_tangent_layer_updater_plain.h">
      <Filter>Header Files\layer_updaters</Filter>
    </ClInclude>
    <ClInclude Include="max_subsampling_layer_updater_plain.h">
      <Filter>Header Files\layer_updaters</Filter>
    </ClInclude>
    <ClInclude Include="factory_generator_plain.h">
      <Filter>Header Files\toolset</Filter>
    </ClInclude>
    <ClInclude Include="rectified_linear_layer_tester_plain.h">
      <Filter>Header Files\layer_testers</Filter>
    </ClInclude>
    <ClInclude Include="rectified_linear_layer_updater_plain.h">
      <Filter>Header Files\layer_updaters</Filter>
    </ClInclude>
    <ClInclude Include="softmax_layer_tester_plain.h">
      <Filter>Header Files\layer_testers</Filter>
    </ClInclude>
    <ClInclude Include="softmax_layer_updater_plain.h">
      <Filter>Header Files\layer_updaters</Filter>
    </ClInclude>
    <ClInclude Include="maxout_layer_tester_plain.h">
      <Filter>Header Files\layer_testers</Filter>
    </ClInclude>
    <ClInclude Include="maxout_layer_updater_plain.h">
      <Filter>Header Files\layer_updaters</Filter>
    </ClInclude>
    <ClInclude Include="local_contrast_subtractive_layer_updater_plain.h">
      <Filter>Header Files\layer_updaters</Filter>
    </ClInclude>
    <ClInclude Include="network_analyzer_plain.h">
      <Filter>Header Files\network_analyzer</Filter>
    </ClInclude>
    <ClInclude Include="network_analyzer_plain_factory.h">
      <Filter>Header Files\network_analyzer</Filter>
    </ClInclude>
    <ClInclude Include="rgb_to_yuv_convert_layer_tester_plain.h">
      <Filter>Header Files\layer_testers</Filter>
    </ClInclude>
    <ClInclude Include="sigmoid_layer_tester_plain.h">
      <Filter>Header Files\layer_testers</Filter>
    </ClInclude>
    <ClInclude Include="sigmoid_layer_updater_plain.h">
      <Filter>Header Files\layer_updaters</Filter>
    </ClInclude>
    <ClInclude Include="sparse_convolution_layer_updater_plain.h">
      <Filter>Header Files\layer_updaters</Filter>
    </ClInclude>
    <ClInclude Include="sparse_convolution_layer_tester_plain.h">
      <Filter>Header Files\layer_testers</Filter>
    </ClInclude>
    <ClInclude Include="dropout_layer_tester_plain.h">
      <Filter>Header Files\layer_testers</Filter>
    </ClInclude>
    <ClInclude Include="dropout_layer_updater_plain.h">
      <Filter>Header Files\layer_updaters</Filter>
    </ClInclude>
    <ClInclude Include="parametric_rectified_linear_layer_tester_plain.h">
      <Filter>Header Files\layer_testers</Filter>
    </ClInclude>
    <ClInclude Include="parametric_rectified_linear_layer_updater_plain.h">
      <Filter>Header Files\layer_updaters</Filter>
    </ClInclude>
  </ItemGroup>
  <ItemGroup>
    <ClCompile Include="buffer_plain_size_configuration.cpp">
      <Filter>Source Files\util</Filter>
    </ClCompile>
    <ClCompile Include="plain_running_configuration.cpp">
      <Filter>Source Files\util</Filter>
    </ClCompile>
    <ClCompile Include="absolute_layer_tester_plain.cpp">
      <Filter>Source Files\layer_testers</Filter>
    </ClCompile>
    <ClCompile Include="average_subsampling_layer_tester_plain.cpp">
      <Filter>Source Files\layer_testers</Filter>
    </ClCompile>
    <ClCompile Include="convolution_layer_tester_plain.cpp">
      <Filter>Source Files\layer_testers</Filter>
    </ClCompile>
    <ClCompile Include="hyperbolic_tangent_layer_tester_plain.cpp">
      <Filter>Source Files\layer_testers</Filter>
    </ClCompile>
    <ClCompile Include="local_contrast_subtractive_layer_tester_plain.cpp">
      <Filter>Source Files\layer_testers</Filter>
    </ClCompile>
    <ClCompile Include="max_subsampling_layer_tester_plain.cpp">
      <Filter>Source Files\layer_testers</Filter>
    </ClCompile>
    <ClCompile Include="plain.cpp">
      <Filter>Source Files\util</Filter>
    </ClCompile>
    <ClCompile Include="network_tester_plain_factory.cpp">
      <Filter>Source Files\network_tester</Filter>
    </ClCompile>
    <ClCompile Include="layer_tester_plain.cpp">
      <Filter>Source Files\network_tester</Filter>
    </ClCompile>
    <ClCompile Include="layer_tester_plain_factory.cpp">
      <Filter>Source Files\network_tester</Filter>
    </ClCompile>
    <ClCompile Include="network_tester_plain.cpp">
      <Filter>Source Files\network_tester</Filter>
    </ClCompile>
    <ClCompile Include="network_updater_plain.cpp">
      <Filter>Source Files\network_updater</Filter>
    </ClCompile>
    <ClCompile Include="network_updater_plain_factory.cpp">
      <Filter>Source Files\network_updater</Filter>
    </ClCompile>
    <ClCompile Include="layer_updater_plain.cpp">
      <Filter>Source Files\network_updater</Filter>
    </ClCompile>
    <ClCompile Include="layer_updater_plain_factory.cpp">
      <Filter>Source Files\network_updater</Filter>
    </ClCompile>
    <ClCompile Include="absolute_layer_updater_plain.cpp">
      <Filter>Source Files\layer_updaters</Filter>
    </ClCompile>
    <ClCompile Include="average_subsampling_layer_updater_plain.cpp">
      <Filter>Source Files\layer_updaters</Filter>
    </ClCompile>
    <ClCompile Include="convolution_layer_updater_plain.cpp">
      <Filter>Source Files\layer_updaters</Filter>
    </ClCompile>
    <ClCompile Include="hyperbolic_tangent_layer_updater_plain.cpp">
      <Filter>Source Files\layer_updaters</Filter>
    </ClCompile>
    <ClCompile Include="max_subsampling_layer_updater_plain.cpp">
      <Filter>Source Files\layer_updaters</Filter>
    </ClCompile>
    <ClCompile Include="factory_generator_plain.cpp">
      <Filter>Source Files\toolset</Filter>
    </ClCompile>
    <ClCompile Include="rectified_linear_layer_tester_plain.cpp">
      <Filter>Source Files\layer_testers</Filter>
    </ClCompile>
    <ClCompile Include="rectified_linear_layer_updater_plain.cpp">
      <Filter>Source Files\layer_updaters</Filter>
    </ClCompile>
    <ClCompile Include="softmax_layer_tester_plain.cpp">
      <Filter>Source Files\layer_testers</Filter>
    </ClCompile>
    <ClCompile Include="softmax_layer_updater_plain.cpp">
      <Filter>Source Files\layer_updaters</Filter>
    </ClCompile>
    <ClCompile Include="maxout_layer_tester_plain.cpp">
      <Filter>Source Files\layer_testers</Filter>
    </ClCompile>
    <ClCompile Include="maxout_layer_updater_plain.cpp">
      <Filter>Source Files\layer_updaters</Filter>
    </ClCompile>
    <ClCompile Include="local_contrast_subtractive_layer_updater_plain.cpp">
      <Filter>Source Files\layer_updaters</Filter>
    </ClCompile>
    <ClCompile Include="network_analyzer_plain.cpp">
      <Filter>Source Files\network_analyzer</Filter>
    </ClCompile>
    <ClCompile Include="network_analyzer_plain_factory.cpp">
      <Filter>Source Files\network_analyzer</Filter>
    </ClCompile>
    <ClCompile Include="rgb_to_yuv_convert_layer_tester_plain.cpp">
      <Filter>Source Files\layer_testers</Filter>
    </ClCompile>
    <ClCompile Include="sigmoid_layer_tester_plain.cpp">
      <Filter>Source Files\layer_testers</Filter>
    </ClCompile>
    <ClCompile Include="sigmoid_layer_updater_plain.cpp">
      <Filter>Source Files\layer_updaters</Filter>
    </ClCompile>
    <ClCompile Include="sparse_convolution_layer_updater_plain.cpp">
      <Filter>Source Files\layer_updaters</Filter>
    </ClCompile>
    <ClCompile Include="sparse_convolution_layer_tester_plain.cpp">
      <Filter>Source Files\layer_testers</Filter>
    </ClCompile>
    <ClCompile Include="dropout_layer_tester_plain.cpp">
      <Filter>Source Files\layer_testers</Filter>
    </ClCompile>
    <ClCompile Include="dropout_layer_updater_plain.cpp">
      <Filter>Source Files\layer_updaters</Filter>
    </ClCompile>
    <ClCompile Include="parametric_rectified_linear_layer_tester_plain.cpp">
      <Filter>Source Files\layer_testers</Filter>
    </ClCompile>
    <ClCompile Include="parametric_rectified_linear_layer_updater_plain.cpp">
      <Filter>Source Files\layer_updaters</Filter>
    </ClCompile>
  </ItemGroup>
</Project>